<?xml version="1.0" encoding="utf-8"?>
<Project ToolsVersion="4.0" xmlns="http://schemas.microsoft.com/developer/msbuild/2003">
  <ItemGroup>
    <Filter Include="Language">
      <UniqueIdentifier>{639EADAA-A684-42e4-A9AD-28FC9BCB8F7C}</UniqueIdentifier>
      <Extensions>ts</Extensions>
    </Filter>
    <Filter Include="Resource">
      <UniqueIdentifier>{67DA6AB6-F800-4c08-8B7A-83BB121AAD01}</UniqueIdentifier>
      <Extensions>qrc;rc;ico;cur;bmp;dlg;rc2;rct;bin;rgs;gif;jpg;jpeg;jpe;resx;tiff;tif;png;wav;mfcribbon-ms</Extensions>
    </Filter>
    <Filter Include="Header Files">
      <UniqueIdentifier>{93995380-89BD-4b04-88EB-625FBE52EBFB}</UniqueIdentifier>
      <Extensions>h;hh;hpp;hxx;hm;inl;inc;xsd</Extensions>
      <ParseFiles>true</ParseFiles>
    </Filter>
    <Filter Include="utils">
      <UniqueIdentifier>{eae54f1f-58a4-44e7-bd68-8d62a8b7cffe}</UniqueIdentifier>
    </Filter>
    <Filter Include="utils\usersig">
      <UniqueIdentifier>{9ad20a0e-82c0-40b3-9c69-714f7f501e73}</UniqueIdentifier>
    </Filter>
    <Filter Include="Module">
      <UniqueIdentifier>{4fd7f4eb-3e9e-4c2f-b905-457cf42d48e4}</UniqueIdentifier>
    </Filter>
    <Filter Include="Module\include">
      <UniqueIdentifier>{b67cb3bb-dfc6-4bc0-a42e-a4286bdc66c1}</UniqueIdentifier>
    </Filter>
    <Filter Include="App">
      <UniqueIdentifier>{4FC737F1-C7A5-4376-A066-2A32D752A2FF}</UniqueIdentifier>
      <Extensions>cpp;c;cc;cxx;def;odl;idl;hpj;bat;asm;asmx</Extensions>
    </Filter>
    <Filter Include="App\Forms">
      <UniqueIdentifier>{473734a0-45dc-4b29-9c2b-fd6e9df1c29d}</UniqueIdentifier>
    </Filter>
    <Filter Include="App\Common">
      <UniqueIdentifier>{6da8f31a-8c8a-4a02-86e0-f641dafb8b95}</UniqueIdentifier>
    </Filter>
    <Filter Include="App\MessageDispatcher">
      <UniqueIdentifier>{62668079-8b77-4111-9493-03f0d78a0f8c}</UniqueIdentifier>
    </Filter>
    <Filter Include="utils\BugReport">
      <UniqueIdentifier>{7ce081f4-790f-4be5-9a2c-68b403e73464}</UniqueIdentifier>
    </Filter>
  </ItemGroup>
  <ItemGroup>
    <ClCompile Include="App\main.cpp">
      <Filter>App</Filter>
    </ClCompile>
    <ClCompile Include="App\MainWindow.cpp">
      <Filter>App</Filter>
    </ClCompile>
    <ClCompile Include="App\MemberItemView.cpp">
      <Filter>App</Filter>
    </ClCompile>
    <ClCompile Include="App\ScreenShareItem.cpp">
      <Filter>App</Filter>
    </ClCompile>
    <ClCompile Include="App\ScreenShareWindow.cpp">
      <Filter>App</Filter>
    </ClCompile>
    <ClCompile Include="App\LayoutSelectView.cpp">
      <Filter>App</Filter>
    </ClCompile>
    <ClCompile Include="App\ChatMessageView.cpp">
      <Filter>App</Filter>
    </ClCompile>
    <ClCompile Include="App\LoginViewController.cpp">
      <Filter>App</Filter>
    </ClCompile>
    <ClCompile Include="App\MemberListViewController.cpp">
      <Filter>App</Filter>
    </ClCompile>
    <ClCompile Include="App\PresetDeviceController.cpp">
      <Filter>App</Filter>
    </ClCompile>
    <ClCompile Include="App\SettingViewController.cpp">
      <Filter>App</Filter>
    </ClCompile>
    <ClCompile Include="App\StageListController.cpp">
      <Filter>App</Filter>
    </ClCompile>
    <ClCompile Include="App\TopBarController.cpp">
      <Filter>App</Filter>
    </ClCompile>
    <ClCompile Include="App\BottomBarController.cpp">
      <Filter>App</Filter>
    </ClCompile>
    <ClCompile Include="App\ChatRoomViewController.cpp">
      <Filter>App</Filter>
    </ClCompile>
    <ClCompile Include="App\PopStageListController.cpp">
      <Filter>App</Filter>
    </ClCompile>
    <ClCompile Include="App\SmallTopBarController.cpp">
      <Filter>App</Filter>
    </ClCompile>
    <ClCompile Include="App\MainWindowLayout.cpp">
      <Filter>App</Filter>
    </ClCompile>
    <ClCompile Include="App\VideoRenderView.cpp">
      <Filter>App</Filter>
    </ClCompile>
    <ClCompile Include="App\VideoRenderViewInfo.cpp">
      <Filter>App</Filter>
    </ClCompile>
    <ClCompile Include="App\TransferRoomController.cpp">
      <Filter>App</Filter>
    </ClCompile>
    <ClCompile Include="App\RoomTipsView.cpp">
      <Filter>App</Filter>
    </ClCompile>
    <ClCompile Include="..\utils\BugReport\crash_dump.cc">
      <Filter>utils\BugReport</Filter>
    </ClCompile>
    <ClCompile Include="..\utils\jsoncpp.cpp">
      <Filter>utils</Filter>
    </ClCompile>
    <ClCompile Include="..\utils\log.cpp">
      <Filter>utils</Filter>
    </ClCompile>
    <ClCompile Include="..\utils\UserDirectory.cpp">
      <Filter>utils</Filter>
    </ClCompile>
    <ClCompile Include="..\utils\usersig\win\GenerateTestUsersig.cpp">
      <Filter>utils\usersig</Filter>
    </ClCompile>
    <ClCompile Include="App\Common\DataStore.cpp">
      <Filter>App\Common</Filter>
    </ClCompile>
    <ClCompile Include="..\Common\ScreenCenter.cpp">
      <Filter>App\Common</Filter>
    </ClCompile>
    <ClCompile Include="..\Common\StatusUpdateCenter.cpp">
      <Filter>App\Common</Filter>
    </ClCompile>
    <ClCompile Include="..\Common\TXImageButton.cpp">
      <Filter>App\Common</Filter>
    </ClCompile>
    <ClCompile Include="..\Common\TXMessageBox.cpp">
      <Filter>App\Common</Filter>
    </ClCompile>
    <ClCompile Include="..\Common\ViewDragger.cpp">
      <Filter>App\Common</Filter>
    </ClCompile>
    <ClCompile Include="..\Common\DataReport.cpp">
      <Filter>App\Common</Filter>
    </ClCompile>
    <ClCompile Include="Module\ScreenShareManager.cpp">
      <Filter>Module</Filter>
    </ClCompile>
    <ClCompile Include="Module\TUIRoomCoreImpl.cpp">
      <Filter>Module</Filter>
    </ClCompile>
    <ClCompile Include="App\Common\MessageDispatcher\MessageDispatcher.cpp">
      <Filter>App\MessageDispatcher</Filter>
    </ClCompile>
  </ItemGroup>
  <ItemGroup>
    <QtMoc Include="App\MainWindow.h">
      <Filter>App</Filter>
    </QtMoc>
    <QtMoc Include="App\MemberItemView.h">
      <Filter>App</Filter>
    </QtMoc>
    <QtMoc Include="App\ScreenShareItem.h">
      <Filter>App</Filter>
    </QtMoc>
    <QtMoc Include="App\ScreenShareWindow.h">
      <Filter>App</Filter>
    </QtMoc>
    <QtMoc Include="App\LayoutSelectView.h">
      <Filter>App</Filter>
    </QtMoc>
    <QtMoc Include="App\ChatMessageView.h">
      <Filter>App</Filter>
    </QtMoc>
    <QtMoc Include="App\LoginViewController.h">
      <Filter>App</Filter>
    </QtMoc>
    <QtMoc Include="App\MemberListViewController.h">
      <Filter>App</Filter>
    </QtMoc>
    <QtMoc Include="App\PresetDeviceController.h">
      <Filter>App</Filter>
    </QtMoc>
    <QtMoc Include="App\SettingViewController.h">
      <Filter>App</Filter>
    </QtMoc>
    <QtMoc Include="App\StageListController.h">
      <Filter>App</Filter>
    </QtMoc>
    <QtMoc Include="App\TopBarController.h">
      <Filter>App</Filter>
    </QtMoc>
    <QtMoc Include="App\BottomBarController.h">
      <Filter>App</Filter>
    </QtMoc>
    <QtMoc Include="App\ChatRoomViewController.h">
      <Filter>App</Filter>
    </QtMoc>
    <QtMoc Include="App\PopStageListController.h">
      <Filter>App</Filter>
    </QtMoc>
    <QtMoc Include="App\SmallTopBarController.h">
      <Filter>App</Filter>
    </QtMoc>
    <QtMoc Include="App\MainWindowLayout.h">
      <Filter>App</Filter>
    </QtMoc>
    <QtMoc Include="App\VideoRenderView.h">
      <Filter>App</Filter>
    </QtMoc>
    <QtMoc Include="App\VideoRenderViewInfo.h">
      <Filter>App</Filter>
    </QtMoc>
    <QtMoc Include="App\TransferRoomController.h">
      <Filter>App</Filter>
    </QtMoc>
    <QtMoc Include="App\RoomTipsView.h">
      <Filter>App</Filter>
    </QtMoc>
    <QtMoc Include="..\utils\UserDirectory.h">
      <Filter>utils</Filter>
    </QtMoc>
    <QtMoc Include="..\Common\ScreenCenter.h">
      <Filter>App\Common</Filter>
    </QtMoc>
    <QtMoc Include="..\Common\StatusUpdateCenter.h">
      <Filter>App\Common</Filter>
    </QtMoc>
    <QtMoc Include="..\Common\TXImageButton.h">
      <Filter>App\Common</Filter>
    </QtMoc>
    <QtMoc Include="..\Common\TXMessageBox.h">
      <Filter>App\Common</Filter>
    </QtMoc>
    <QtMoc Include="..\Common\DataReport.h">
      <Filter>App\Common</Filter>
    </QtMoc>
    <QtMoc Include="App\Common\MessageDispatcher\MessageDispatcher.h">
      <Filter>App\MessageDispatcher</Filter>
    </QtMoc>
  </ItemGroup>
  <ItemGroup>
    <ClInclude Include="App\CommonDef.h">
      <Filter>App</Filter>
    </ClInclude>
    <ClInclude Include="resource.h">
      <Filter>Header Files</Filter>
    </ClInclude>
    <ClInclude Include="..\utils\BugReport\crash_dump.h">
      <Filter>utils\BugReport</Filter>
    </ClInclude>
    <ClInclude Include="..\utils\json.h">
      <Filter>utils</Filter>
    </ClInclude>
    <ClInclude Include="..\utils\log.h">
      <Filter>utils</Filter>
    </ClInclude>
    <ClInclude Include="..\utils\usersig\win\GenerateTestUserSig.h">
      <Filter>utils\usersig</Filter>
    </ClInclude>
    <ClInclude Include="App\Common\DataStore.h">
      <Filter>App\Common</Filter>
    </ClInclude>
    <ClInclude Include="..\Common\Common.h">
      <Filter>App\Common</Filter>
    </ClInclude>
    <ClInclude Include="..\Common\ViewDragger.h">
      <Filter>App\Common</Filter>
    </ClInclude>
    <ClInclude Include="Module\ScreenShareManager.h">
      <Filter>Module</Filter>
    </ClInclude>
    <ClInclude Include="Module\TUIRoomCoreImpl.h">
      <Filter>Module</Filter>
    </ClInclude>
    <ClInclude Include="Module\include\IScreenShareManager.h">
      <Filter>Module\include</Filter>
    </ClInclude>
    <ClInclude Include="Module\include\TUIRoomCore.h">
      <Filter>Module\include</Filter>
    </ClInclude>
    <ClInclude Include="Module\include\TUIRoomCoreCallback.h">
      <Filter>Module\include</Filter>
    </ClInclude>
    <ClInclude Include="Module\include\TUIRoomDef.h">
      <Filter>Module\include</Filter>
    </ClInclude>
  </ItemGroup>
  <ItemGroup>
    <QtUic Include="App\Form\MemberItemView.ui">
      <Filter>App\Forms</Filter>
    </QtUic>
    <QtUic Include="App\Form\ScreenShareItem.ui">
      <Filter>App\Forms</Filter>
    </QtUic>
    <QtUic Include="App\Form\ScreenShareWindow.ui">
      <Filter>App\Forms</Filter>
    </QtUic>
    <QtUic Include="App\Form\MainWindow.ui">
      <Filter>App\Forms</Filter>
    </QtUic>
    <QtUic Include="App\Form\LayoutSelectView.ui">
      <Filter>App\Forms</Filter>
    </QtUic>
    <QtUic Include="App\Form\ChatRoomViewController.ui">
      <Filter>App\Forms</Filter>
    </QtUic>
    <QtUic Include="App\Form\PresetDeviceController.ui">
      <Filter>App\Forms</Filter>
    </QtUic>
    <QtUic Include="App\Form\LoginViewController.ui">
      <Filter>App\Forms</Filter>
    </QtUic>
    <QtUic Include="App\Form\MemberListViewController.ui">
      <Filter>App\Forms</Filter>
    </QtUic>
    <QtUic Include="App\Form\PopStageListController.ui">
      <Filter>App\Forms</Filter>
    </QtUic>
    <QtUic Include="App\Form\SettingViewController.ui">
      <Filter>App\Forms</Filter>
    </QtUic>
    <QtUic Include="App\Form\StageListController.ui">
      <Filter>App\Forms</Filter>
    </QtUic>
    <QtUic Include="App\Form\TopBarController.ui">
      <Filter>App\Forms</Filter>
    </QtUic>
    <QtUic Include="App\Form\BottomBarController.ui">
      <Filter>App\Forms</Filter>
    </QtUic>
    <QtUic Include="App\Form\SmallTopBarController.ui">
      <Filter>App\Forms</Filter>
    </QtUic>
    <QtUic Include="App\Form\VideoRenderView.ui">
      <Filter>App\Forms</Filter>
    </QtUic>
    <QtUic Include="App\Form\VideoRenderViewInfo.ui">
      <Filter>App\Forms</Filter>
    </QtUic>
    <QtUic Include="App\Form\TransferRoomController.ui">
      <Filter>App\Forms</Filter>
    </QtUic>
    <QtUic Include="App\Form\TransferUserItem.ui">
      <Filter>App\Forms</Filter>
    </QtUic>
    <QtUic Include="App\Form\RoomTipsView.ui">
      <Filter>App\Forms</Filter>
    </QtUic>
    <QtUic Include="..\Common\Form\TXImageButton.ui">
      <Filter>App\Forms</Filter>
    </QtUic>
    <QtUic Include="..\Common\Form\TXMessageBox.ui">
      <Filter>App\Forms</Filter>
    </QtUic>
  </ItemGroup>
  <ItemGroup>
    <Image Include="Resource\trtc.ico">
      <Filter>Resource</Filter>
    </Image>
  </ItemGroup>
  <ItemGroup>
    <ResourceCompile Include="RoomKit.rc">
      <Filter>Resource</Filter>
    </ResourceCompile>
  </ItemGroup>
  <ItemGroup>
    <QtRcc Include="Resource\RoomKit.qrc">
      <Filter>Resource</Filter>
    </QtRcc>
  </ItemGroup>
  <ItemGroup>
    <QtTranslation Include="Resource\Language\RoomKit_en.ts">
      <Filter>Language</Filter>
    </QtTranslation>
    <QtTranslation Include="Resource\Language\RoomKit_zh.ts">
      <Filter>Language</Filter>
    </QtTranslation>
  </ItemGroup>
</Project>