PODS:
  - Flutter (1.0.0)
  - fluttertoast (0.0.2):
    - Flutter
    - Toast
  - path_provider_foundation (0.0.1):
    - Flutter
    - FlutterMacOS
  - permission_handler_apple (9.1.1):
    - Flutter
  - replay_kit_launcher (1.0.0):
    - Flutter
  - rtc_conference_tui_kit (0.0.1):
    - Flutter
  - rtc_room_engine (2.0.0):
    - Flutter
    - TUIRoomEngine/Professional (= 2.0.0)
  - shared_preferences_foundation (0.0.1):
    - Flutter
    - FlutterMacOS
  - tencent_trtc_cloud (10.7):
    - Flutter
    - TXCustomBeautyProcesserPlugin (= 1.0.2)
    - TXLiteAVSDK_Professional (~> 11.4.14445)
  - Toast (4.1.0)
  - TUIRoomEngine/Professional (2.0.0):
    - TXIMSDK_Plus_iOS (>= 7.7.5294)
    - TXLiteAVSDK_Professional
  - TXCustomBeautyProcesserPlugin (1.0.2)
  - TXIMSDK_Plus_iOS (7.7.5294)
  - TXLiteAVSDK_Professional (11.4.14552):
    - TXLiteAVSDK_Professional/Professional (= 11.4.14552)
  - TXLiteAVSDK_Professional/Professional (11.4.14552)

DEPENDENCIES:
  - Flutter (from `Flutter`)
  - fluttertoast (from `.symlinks/plugins/fluttertoast/ios`)
  - path_provider_foundation (from `.symlinks/plugins/path_provider_foundation/darwin`)
  - permission_handler_apple (from `.symlinks/plugins/permission_handler_apple/ios`)
  - replay_kit_launcher (from `.symlinks/plugins/replay_kit_launcher/ios`)
  - rtc_conference_tui_kit (from `.symlinks/plugins/rtc_conference_tui_kit/ios`)
  - rtc_room_engine (from `.symlinks/plugins/rtc_room_engine/ios`)
  - shared_preferences_foundation (from `.symlinks/plugins/shared_preferences_foundation/darwin`)
  - tencent_trtc_cloud (from `.symlinks/plugins/tencent_trtc_cloud/ios`)

SPEC REPOS:
  trunk:
    - Toast
    - TUIRoomEngine
    - TXCustomBeautyProcesserPlugin
    - TXIMSDK_Plus_iOS
    - TXLiteAVSDK_Professional

EXTERNAL SOURCES:
  Flutter:
    :path: Flutter
  fluttertoast:
    :path: ".symlinks/plugins/fluttertoast/ios"
  path_provider_foundation:
    :path: ".symlinks/plugins/path_provider_foundation/darwin"
  permission_handler_apple:
    :path: ".symlinks/plugins/permission_handler_apple/ios"
  replay_kit_launcher:
    :path: ".symlinks/plugins/replay_kit_launcher/ios"
  rtc_conference_tui_kit:
    :path: ".symlinks/plugins/rtc_conference_tui_kit/ios"
  rtc_room_engine:
    :path: ".symlinks/plugins/rtc_room_engine/ios"
  shared_preferences_foundation:
    :path: ".symlinks/plugins/shared_preferences_foundation/darwin"
  tencent_trtc_cloud:
    :path: ".symlinks/plugins/tencent_trtc_cloud/ios"

SPEC CHECKSUMS:
  Flutter: f04841e97a9d0b0a8025694d0796dd46242b2854
  fluttertoast: 31b00dabfa7fb7bacd9e7dbee580d7a2ff4bf265
  path_provider_foundation: 29f094ae23ebbca9d3d0cec13889cd9060c0e943
  permission_handler_apple: e76247795d700c14ea09e3a2d8855d41ee80a2e6
  replay_kit_launcher: 828739da18c9785d5e9aafd4f075ea11d6b61499
  rtc_conference_tui_kit: e6a8fb13894a30ecdfb180e3e6997df20e4d202d
  rtc_room_engine: afe0d760932041d37d330d499200a5ca492db0a5
  shared_preferences_foundation: 5b919d13b803cadd15ed2dc053125c68730e5126
  tencent_trtc_cloud: 8b55aa23005a77db473cdbc13841a4b13b261946
  Toast: ec33c32b8688982cecc6348adeae667c1b9938da
  TUIRoomEngine: 286603fae50d874e6843757f0e9a8b24899eb60a
  TXCustomBeautyProcesserPlugin: 099393b941cb40eda12b3a80bf6c0319957b1cfd
  TXIMSDK_Plus_iOS: 81fcb20ad754ea5164207970772f00ea9f94bc8f
  TXLiteAVSDK_Professional: 3a3a5fac0a4424d3cba4ff870b977472ea890921

PODFILE CHECKSUM: f1c82f10837f8fdf27aee12401554c9539720e1f

COCOAPODS: 1.14.2
