// !$*UTF8*$!
{
	archiveVersion = 1;
	classes = {
	};
	objectVersion = 51;
	objects = {

/* Begin PBXBuildFile section */
		2A6EAE8ABBF21CC2E4F77CA9 /* Pods_TUIMeetingApp.framework in Frameworks */ = {isa = PBXBuildFile; fileRef = EA847D6054F4256CC26A5FF6 /* Pods_TUIMeetingApp.framework */; };
		341FE010BEE805CA11A3AEAA /* TRTCLoginRootView.swift in Sources */ = {isa = PBXBuildFile; fileRef = CF1A7075097A393210E2AAB6 /* TRTCLoginRootView.swift */; };
		3C944EFFB531E14F79571AB6 /* TRTCRegisterViewController.swift in Sources */ = {isa = PBXBuildFile; fileRef = 6BA0A4991C54B7B72BFCF6C0 /* TRTCRegisterViewController.swift */; };
		40DD29C8264395E200DC4BA8 /* AppDelegate.swift in Sources */ = {isa = PBXBuildFile; fileRef = 40DD29C7264395E200DC4BA8 /* AppDelegate.swift */; };
		40DD29CA264395E200DC4BA8 /* SceneDelegate.swift in Sources */ = {isa = PBXBuildFile; fileRef = 40DD29C9264395E200DC4BA8 /* SceneDelegate.swift */; };
		40DD29CC264395E200DC4BA8 /* ViewController.swift in Sources */ = {isa = PBXBuildFile; fileRef = 40DD29CB264395E200DC4BA8 /* ViewController.swift */; };
		40DD29CF264395E200DC4BA8 /* Main.storyboard in Resources */ = {isa = PBXBuildFile; fileRef = 40DD29CD264395E200DC4BA8 /* Main.storyboard */; };
		40DD29D4264395E200DC4BA8 /* LaunchScreen.storyboard in Resources */ = {isa = PBXBuildFile; fileRef = 40DD29D2264395E200DC4BA8 /* LaunchScreen.storyboard */; };
		470EB6E3266A486F0072071F /* LaunchImage@2x.png in Resources */ = {isa = PBXBuildFile; fileRef = 470EB6DF266A486F0072071F /* LaunchImage@2x.png */; };
		470EB6E4266A486F0072071F /* LaunchImage_en@3x.png in Resources */ = {isa = PBXBuildFile; fileRef = 470EB6E0266A486F0072071F /* LaunchImage_en@3x.png */; };
		470EB6E5266A486F0072071F /* LaunchImage_en@2x.png in Resources */ = {isa = PBXBuildFile; fileRef = 470EB6E1266A486F0072071F /* LaunchImage_en@2x.png */; };
		470EB6E6266A486F0072071F /* LaunchImage@3x.png in Resources */ = {isa = PBXBuildFile; fileRef = 470EB6E2266A486F0072071F /* LaunchImage@3x.png */; };
		470EB6E9266A48770072071F /* LaunchScreen_en.storyboard in Resources */ = {isa = PBXBuildFile; fileRef = 470EB6E7266A48770072071F /* LaunchScreen_en.storyboard */; };
		470EB6EC266A48890072071F /* InfoPlist.strings in Resources */ = {isa = PBXBuildFile; fileRef = 470EB6EE266A48890072071F /* InfoPlist.strings */; };
		470EB6F0266A48C80072071F /* Assets.xcassets in Resources */ = {isa = PBXBuildFile; fileRef = 40DD29D0264395E200DC4BA8 /* Assets.xcassets */; };
		47E32D7F266E02A500E1031B /* MeetingLocalized.strings in Resources */ = {isa = PBXBuildFile; fileRef = 47E32D81266E02A500E1031B /* MeetingLocalized.strings */; };
		47E32D84266E030600E1031B /* MeetingLocalized.swift in Sources */ = {isa = PBXBuildFile; fileRef = 47E32D83266E030600E1031B /* MeetingLocalized.swift */; };
		666607B12E8D2E5A6CFC7E4A /* ProfileManager_Mock.swift in Sources */ = {isa = PBXBuildFile; fileRef = 73554FAFAC849C6EDAEFDBD0 /* ProfileManager_Mock.swift */; };
		6E8DA5375518FC7D18D59C49 /* AppUtils.swift in Sources */ = {isa = PBXBuildFile; fileRef = 0D261808728E37C193BF4451 /* AppUtils.swift */; };
		79E672E11B5ADCBD181C8770 /* UserAgreementViewController+UI.swift in Sources */ = {isa = PBXBuildFile; fileRef = 68978CA120459FAADF1231DD /* UserAgreementViewController+UI.swift */; };
		81E187A7FCAA8430F2E9EED5 /* LayoutDefine.swift in Sources */ = {isa = PBXBuildFile; fileRef = 26EB7DAC1721D39E753DBFEE /* LayoutDefine.swift */; };
		AB0E0AD3264ABF90F5BA6264 /* TRTCRegisterRootView.swift in Sources */ = {isa = PBXBuildFile; fileRef = 19E4452A9259E19AB2E19B27 /* TRTCRegisterRootView.swift */; };
		C3251985E5F0229840EB5FC1 /* UserAgreementViewController.swift in Sources */ = {isa = PBXBuildFile; fileRef = F5AEE0AC982C556DADD8E7E4 /* UserAgreementViewController.swift */; };
		C570CF3247B87C01DA5FE47F /* LoginLocalized.strings in Resources */ = {isa = PBXBuildFile; fileRef = 65DB09EC2F75F6A36216D8FF /* LoginLocalized.strings */; };
		C64C76142653B443007DF326 /* GenerateTestUserSig.swift in Sources */ = {isa = PBXBuildFile; fileRef = C64C76112653B443007DF326 /* GenerateTestUserSig.swift */; };
		C6DDB2BF2655585900FFDFFA /* libsqlite3.tbd in Frameworks */ = {isa = PBXBuildFile; fileRef = C6DDB2BE2655585000FFDFFA /* libsqlite3.tbd */; };
		C6DDB502265666DA00FFDFFA /* AssetsLibrary.framework in Frameworks */ = {isa = PBXBuildFile; fileRef = C6DDB2C12655587500FFDFFA /* AssetsLibrary.framework */; };
		CF10C90E9B77776297467CDB /* LoginLocalized.strings in Resources */ = {isa = PBXBuildFile; fileRef = 8F400D370A2337F71631C10D /* LoginLocalized.strings */; };
		D2EB4969DC677C06D92E23C3 /* LoginLocalized.swift in Sources */ = {isa = PBXBuildFile; fileRef = EACF205CD875516A60559D86 /* LoginLocalized.swift */; };
		F6D30D3E860EDF29712E389E /* TRTCLoginViewController.swift in Sources */ = {isa = PBXBuildFile; fileRef = 48B0C0122D1EE026E9263D56 /* TRTCLoginViewController.swift */; };
/* End PBXBuildFile section */

/* Begin PBXFileReference section */
		07BA6D3BCFEA81FC579992DF /* Pods-TUIMeetingApp.debug.xcconfig */ = {isa = PBXFileReference; includeInIndex = 1; lastKnownFileType = text.xcconfig; name = "Pods-TUIMeetingApp.debug.xcconfig"; path = "Target Support Files/Pods-TUIMeetingApp/Pods-TUIMeetingApp.debug.xcconfig"; sourceTree = "<group>"; };
		0D261808728E37C193BF4451 /* AppUtils.swift */ = {isa = PBXFileReference; includeInIndex = 1; lastKnownFileType = sourcecode.swift; path = AppUtils.swift; sourceTree = "<group>"; };
		19E4452A9259E19AB2E19B27 /* TRTCRegisterRootView.swift */ = {isa = PBXFileReference; includeInIndex = 1; lastKnownFileType = sourcecode.swift; path = TRTCRegisterRootView.swift; sourceTree = "<group>"; };
		26EB7DAC1721D39E753DBFEE /* LayoutDefine.swift */ = {isa = PBXFileReference; includeInIndex = 1; lastKnownFileType = sourcecode.swift; path = LayoutDefine.swift; sourceTree = "<group>"; };
		40DD29C4264395E200DC4BA8 /* TUIMeetingApp.app */ = {isa = PBXFileReference; explicitFileType = wrapper.application; includeInIndex = 0; path = TUIMeetingApp.app; sourceTree = BUILT_PRODUCTS_DIR; };
		40DD29C7264395E200DC4BA8 /* AppDelegate.swift */ = {isa = PBXFileReference; lastKnownFileType = sourcecode.swift; path = AppDelegate.swift; sourceTree = "<group>"; };
		40DD29C9264395E200DC4BA8 /* SceneDelegate.swift */ = {isa = PBXFileReference; lastKnownFileType = sourcecode.swift; path = SceneDelegate.swift; sourceTree = "<group>"; };
		40DD29CB264395E200DC4BA8 /* ViewController.swift */ = {isa = PBXFileReference; lastKnownFileType = sourcecode.swift; path = ViewController.swift; sourceTree = "<group>"; };
		40DD29CE264395E200DC4BA8 /* Base */ = {isa = PBXFileReference; lastKnownFileType = file.storyboard; name = Base; path = Base.lproj/Main.storyboard; sourceTree = "<group>"; };
		40DD29D0264395E200DC4BA8 /* Assets.xcassets */ = {isa = PBXFileReference; lastKnownFileType = folder.assetcatalog; path = Assets.xcassets; sourceTree = "<group>"; };
		40DD29D3264395E200DC4BA8 /* Base */ = {isa = PBXFileReference; lastKnownFileType = file.storyboard; name = Base; path = Base.lproj/LaunchScreen.storyboard; sourceTree = "<group>"; };
		40DD29D5264395E200DC4BA8 /* Info.plist */ = {isa = PBXFileReference; lastKnownFileType = text.plist.xml; path = Info.plist; sourceTree = "<group>"; };
		463EE3E5033A1052CC0283A8 /* Pods-TRTCMeeting.debug.xcconfig */ = {isa = PBXFileReference; includeInIndex = 1; lastKnownFileType = text.xcconfig; name = "Pods-TRTCMeeting.debug.xcconfig"; path = "Target Support Files/Pods-TRTCMeeting/Pods-TRTCMeeting.debug.xcconfig"; sourceTree = "<group>"; };
		470EB6DF266A486F0072071F /* LaunchImage@2x.png */ = {isa = PBXFileReference; lastKnownFileType = image.png; path = "LaunchImage@2x.png"; sourceTree = "<group>"; };
		470EB6E0266A486F0072071F /* LaunchImage_en@3x.png */ = {isa = PBXFileReference; lastKnownFileType = image.png; path = "LaunchImage_en@3x.png"; sourceTree = "<group>"; };
		470EB6E1266A486F0072071F /* LaunchImage_en@2x.png */ = {isa = PBXFileReference; lastKnownFileType = image.png; path = "LaunchImage_en@2x.png"; sourceTree = "<group>"; };
		470EB6E2266A486F0072071F /* LaunchImage@3x.png */ = {isa = PBXFileReference; lastKnownFileType = image.png; path = "LaunchImage@3x.png"; sourceTree = "<group>"; };
		470EB6E8266A48770072071F /* Base */ = {isa = PBXFileReference; lastKnownFileType = file.storyboard; name = Base; path = Base.lproj/LaunchScreen_en.storyboard; sourceTree = "<group>"; };
		470EB6ED266A48890072071F /* en */ = {isa = PBXFileReference; lastKnownFileType = text.plist.strings; name = en; path = en.lproj/InfoPlist.strings; sourceTree = "<group>"; };
		470EB6EF266A488E0072071F /* zh-Hans */ = {isa = PBXFileReference; lastKnownFileType = text.plist.strings; name = "zh-Hans"; path = "zh-Hans.lproj/InfoPlist.strings"; sourceTree = "<group>"; };
		47E32D80266E02A500E1031B /* en */ = {isa = PBXFileReference; lastKnownFileType = text.plist.strings; name = en; path = en.lproj/MeetingLocalized.strings; sourceTree = "<group>"; };
		47E32D82266E02AA00E1031B /* zh-Hans */ = {isa = PBXFileReference; lastKnownFileType = text.plist.strings; name = "zh-Hans"; path = "zh-Hans.lproj/MeetingLocalized.strings"; sourceTree = "<group>"; };
		47E32D83266E030600E1031B /* MeetingLocalized.swift */ = {isa = PBXFileReference; lastKnownFileType = sourcecode.swift; path = MeetingLocalized.swift; sourceTree = "<group>"; };
		48B0C0122D1EE026E9263D56 /* TRTCLoginViewController.swift */ = {isa = PBXFileReference; includeInIndex = 1; lastKnownFileType = sourcecode.swift; path = TRTCLoginViewController.swift; sourceTree = "<group>"; };
		65DB09EC2F75F6A36216D8FF /* LoginLocalized.strings */ = {isa = PBXFileReference; includeInIndex = 1; lastKnownFileType = text.plist.strings; path = LoginLocalized.strings; sourceTree = "<group>"; };
		68978CA120459FAADF1231DD /* UserAgreementViewController+UI.swift */ = {isa = PBXFileReference; includeInIndex = 1; lastKnownFileType = sourcecode.swift; path = "UserAgreementViewController+UI.swift"; sourceTree = "<group>"; };
		6BA0A4991C54B7B72BFCF6C0 /* TRTCRegisterViewController.swift */ = {isa = PBXFileReference; includeInIndex = 1; lastKnownFileType = sourcecode.swift; path = TRTCRegisterViewController.swift; sourceTree = "<group>"; };
		73554FAFAC849C6EDAEFDBD0 /* ProfileManager_Mock.swift */ = {isa = PBXFileReference; includeInIndex = 1; lastKnownFileType = sourcecode.swift; path = ProfileManager_Mock.swift; sourceTree = "<group>"; };
		89C4A54E1AFB96D0AE1303C2 /* Pods-TRTCMeeting.release.xcconfig */ = {isa = PBXFileReference; includeInIndex = 1; lastKnownFileType = text.xcconfig; name = "Pods-TRTCMeeting.release.xcconfig"; path = "Target Support Files/Pods-TRTCMeeting/Pods-TRTCMeeting.release.xcconfig"; sourceTree = "<group>"; };
		8F400D370A2337F71631C10D /* LoginLocalized.strings */ = {isa = PBXFileReference; includeInIndex = 1; lastKnownFileType = text.plist.strings; path = LoginLocalized.strings; sourceTree = "<group>"; };
		BBD591166E0C8206732243B5 /* Pods-TRTCMeetingApp.debug.xcconfig */ = {isa = PBXFileReference; includeInIndex = 1; lastKnownFileType = text.xcconfig; name = "Pods-TRTCMeetingApp.debug.xcconfig"; path = "Target Support Files/Pods-TRTCMeetingApp/Pods-TRTCMeetingApp.debug.xcconfig"; sourceTree = "<group>"; };
		C64C76112653B443007DF326 /* GenerateTestUserSig.swift */ = {isa = PBXFileReference; fileEncoding = 4; lastKnownFileType = sourcecode.swift; path = GenerateTestUserSig.swift; sourceTree = "<group>"; };
		C6DDB2BE2655585000FFDFFA /* libsqlite3.tbd */ = {isa = PBXFileReference; lastKnownFileType = "sourcecode.text-based-dylib-definition"; name = libsqlite3.tbd; path = usr/lib/libsqlite3.tbd; sourceTree = SDKROOT; };
		C6DDB2C12655587500FFDFFA /* AssetsLibrary.framework */ = {isa = PBXFileReference; lastKnownFileType = wrapper.framework; name = AssetsLibrary.framework; path = System/Library/Frameworks/AssetsLibrary.framework; sourceTree = SDKROOT; };
		CDF001B4ECAA6CC26D469188 /* Pods-TUIMeetingApp.release.xcconfig */ = {isa = PBXFileReference; includeInIndex = 1; lastKnownFileType = text.xcconfig; name = "Pods-TUIMeetingApp.release.xcconfig"; path = "Target Support Files/Pods-TUIMeetingApp/Pods-TUIMeetingApp.release.xcconfig"; sourceTree = "<group>"; };
		CF1A7075097A393210E2AAB6 /* TRTCLoginRootView.swift */ = {isa = PBXFileReference; includeInIndex = 1; lastKnownFileType = sourcecode.swift; path = TRTCLoginRootView.swift; sourceTree = "<group>"; };
		EA847D6054F4256CC26A5FF6 /* Pods_TUIMeetingApp.framework */ = {isa = PBXFileReference; explicitFileType = wrapper.framework; includeInIndex = 0; path = Pods_TUIMeetingApp.framework; sourceTree = BUILT_PRODUCTS_DIR; };
		EACF205CD875516A60559D86 /* LoginLocalized.swift */ = {isa = PBXFileReference; includeInIndex = 1; lastKnownFileType = sourcecode.swift; path = LoginLocalized.swift; sourceTree = "<group>"; };
		F34B14DE8C39A34DD51D91F6 /* Pods-TRTCMeetingApp.release.xcconfig */ = {isa = PBXFileReference; includeInIndex = 1; lastKnownFileType = text.xcconfig; name = "Pods-TRTCMeetingApp.release.xcconfig"; path = "Target Support Files/Pods-TRTCMeetingApp/Pods-TRTCMeetingApp.release.xcconfig"; sourceTree = "<group>"; };
		F5AEE0AC982C556DADD8E7E4 /* UserAgreementViewController.swift */ = {isa = PBXFileReference; includeInIndex = 1; lastKnownFileType = sourcecode.swift; path = UserAgreementViewController.swift; sourceTree = "<group>"; };
/* End PBXFileReference section */

/* Begin PBXFrameworksBuildPhase section */
		40DD29C1264395E200DC4BA8 /* Frameworks */ = {
			isa = PBXFrameworksBuildPhase;
			buildActionMask = 2147483647;
			files = (
				C6DDB502265666DA00FFDFFA /* AssetsLibrary.framework in Frameworks */,
				C6DDB2BF2655585900FFDFFA /* libsqlite3.tbd in Frameworks */,
				2A6EAE8ABBF21CC2E4F77CA9 /* Pods_TUIMeetingApp.framework in Frameworks */,
			);
			runOnlyForDeploymentPostprocessing = 0;
		};
/* End PBXFrameworksBuildPhase section */

/* Begin PBXGroup section */
		1DF8AAB4A74173E9328803DB /* Frameworks */ = {
			isa = PBXGroup;
			children = (
				C6DDB2C12655587500FFDFFA /* AssetsLibrary.framework */,
				C6DDB2BE2655585000FFDFFA /* libsqlite3.tbd */,
				EA847D6054F4256CC26A5FF6 /* Pods_TUIMeetingApp.framework */,
			);
			name = Frameworks;
			sourceTree = "<group>";
		};
		239FD5A87A8F581CDF5AE0EA /* Pods */ = {
			isa = PBXGroup;
			children = (
				463EE3E5033A1052CC0283A8 /* Pods-TRTCMeeting.debug.xcconfig */,
				89C4A54E1AFB96D0AE1303C2 /* Pods-TRTCMeeting.release.xcconfig */,
				BBD591166E0C8206732243B5 /* Pods-TRTCMeetingApp.debug.xcconfig */,
				F34B14DE8C39A34DD51D91F6 /* Pods-TRTCMeetingApp.release.xcconfig */,
				07BA6D3BCFEA81FC579992DF /* Pods-TUIMeetingApp.debug.xcconfig */,
				CDF001B4ECAA6CC26D469188 /* Pods-TUIMeetingApp.release.xcconfig */,
			);
			path = Pods;
			sourceTree = "<group>";
		};
		40DD29BB264395E200DC4BA8 = {
			isa = PBXGroup;
			children = (
				C64C760F2653B443007DF326 /* Debug */,
				40DD29C6264395E200DC4BA8 /* App */,
				40DD29C5264395E200DC4BA8 /* Products */,
				239FD5A87A8F581CDF5AE0EA /* Pods */,
				1DF8AAB4A74173E9328803DB /* Frameworks */,
			);
			sourceTree = "<group>";
		};
		40DD29C5264395E200DC4BA8 /* Products */ = {
			isa = PBXGroup;
			children = (
				40DD29C4264395E200DC4BA8 /* TUIMeetingApp.app */,
			);
			name = Products;
			sourceTree = "<group>";
		};
		40DD29C6264395E200DC4BA8 /* App */ = {
			isa = PBXGroup;
			children = (
				470EB6E7266A48770072071F /* LaunchScreen_en.storyboard */,
				470EB6E1266A486F0072071F /* LaunchImage_en@2x.png */,
				470EB6E0266A486F0072071F /* LaunchImage_en@3x.png */,
				470EB6DF266A486F0072071F /* LaunchImage@2x.png */,
				470EB6E2266A486F0072071F /* LaunchImage@3x.png */,
				40DD29C7264395E200DC4BA8 /* AppDelegate.swift */,
				40DD29C9264395E200DC4BA8 /* SceneDelegate.swift */,
				40DD29CB264395E200DC4BA8 /* ViewController.swift */,
				40DD29CD264395E200DC4BA8 /* Main.storyboard */,
				40DD29D0264395E200DC4BA8 /* Assets.xcassets */,
				40DD29D2264395E200DC4BA8 /* LaunchScreen.storyboard */,
				40DD29D5264395E200DC4BA8 /* Info.plist */,
				470EB6EE266A48890072071F /* InfoPlist.strings */,
				47E32D81266E02A500E1031B /* MeetingLocalized.strings */,
				47E32D83266E030600E1031B /* MeetingLocalized.swift */,
				EE8BAF6859F2958BA6DBEFBB /* Login */,
			);
			path = App;
			sourceTree = "<group>";
		};
		AF14DEB30AED0AE294856E20 /* zh-Hans.lproj */ = {
			isa = PBXGroup;
			children = (
				8F400D370A2337F71631C10D /* LoginLocalized.strings */,
			);
			name = "zh-Hans.lproj";
			path = "zh-Hans.lproj";
			sourceTree = "<group>";
		};
		C64C760F2653B443007DF326 /* Debug */ = {
			isa = PBXGroup;
			children = (
				C64C76112653B443007DF326 /* GenerateTestUserSig.swift */,
			);
			path = Debug;
			sourceTree = "<group>";
		};
		CAC891CB94F9196617A3969A /* AppLocalized */ = {
			isa = PBXGroup;
			children = (
				AF14DEB30AED0AE294856E20 /* zh-Hans.lproj */,
				E33701F383755EFE4B61F760 /* en.lproj */,
				EACF205CD875516A60559D86 /* LoginLocalized.swift */,
			);
			name = AppLocalized;
			path = AppLocalized;
			sourceTree = "<group>";
		};
		E33701F383755EFE4B61F760 /* en.lproj */ = {
			isa = PBXGroup;
			children = (
				65DB09EC2F75F6A36216D8FF /* LoginLocalized.strings */,
			);
			name = en.lproj;
			path = en.lproj;
			sourceTree = "<group>";
		};
		EE8BAF6859F2958BA6DBEFBB /* Login */ = {
			isa = PBXGroup;
			children = (
				19E4452A9259E19AB2E19B27 /* TRTCRegisterRootView.swift */,
				CF1A7075097A393210E2AAB6 /* TRTCLoginRootView.swift */,
				68978CA120459FAADF1231DD /* UserAgreementViewController+UI.swift */,
				CAC891CB94F9196617A3969A /* AppLocalized */,
				48B0C0122D1EE026E9263D56 /* TRTCLoginViewController.swift */,
				73554FAFAC849C6EDAEFDBD0 /* ProfileManager_Mock.swift */,
				0D261808728E37C193BF4451 /* AppUtils.swift */,
				6BA0A4991C54B7B72BFCF6C0 /* TRTCRegisterViewController.swift */,
				F5AEE0AC982C556DADD8E7E4 /* UserAgreementViewController.swift */,
				26EB7DAC1721D39E753DBFEE /* LayoutDefine.swift */,
			);
			name = Login;
			path = ../Login;
			sourceTree = "<group>";
		};
/* End PBXGroup section */

/* Begin PBXNativeTarget section */
		40DD29C3264395E200DC4BA8 /* TUIMeetingApp */ = {
			isa = PBXNativeTarget;
			buildConfigurationList = 40DD29D8264395E200DC4BA8 /* Build configuration list for PBXNativeTarget "TUIMeetingApp" */;
			buildPhases = (
				23C0233DB50CEC6F105C53CC /* [CP] Check Pods Manifest.lock */,
				40DD29C0264395E200DC4BA8 /* Sources */,
				40DD29C1264395E200DC4BA8 /* Frameworks */,
				40DD29C2264395E200DC4BA8 /* Resources */,
				F553949B6939EDEE8914AA77 /* [CP] Embed Pods Frameworks */,
				9ED0BE21E4BD25699DA7A72A /* [CP] Copy Pods Resources */,
			);
			buildRules = (
			);
			dependencies = (
			);
			name = TUIMeetingApp;
			productName = TRTCMeeting;
			productReference = 40DD29C4264395E200DC4BA8 /* TUIMeetingApp.app */;
			productType = "com.apple.product-type.application";
		};
/* End PBXNativeTarget section */

/* Begin PBXProject section */
		40DD29BC264395E200DC4BA8 /* Project object */ = {
			isa = PBXProject;
			attributes = {
				LastSwiftUpdateCheck = 1240;
				LastUpgradeCheck = 1240;
				TargetAttributes = {
					40DD29C3264395E200DC4BA8 = {
						CreatedOnToolsVersion = 12.4;
					};
				};
			};
			buildConfigurationList = 40DD29BF264395E200DC4BA8 /* Build configuration list for PBXProject "TUIMeetingApp" */;
			compatibilityVersion = "Xcode 9.3";
			developmentRegion = en;
			hasScannedForEncodings = 0;
			knownRegions = (
				en,
				Base,
				"zh-Hans",
			);
			mainGroup = 40DD29BB264395E200DC4BA8;
			productRefGroup = 40DD29C5264395E200DC4BA8 /* Products */;
			projectDirPath = "";
			projectRoot = "";
			targets = (
				40DD29C3264395E200DC4BA8 /* TUIMeetingApp */,
			);
		};
/* End PBXProject section */

/* Begin PBXResourcesBuildPhase section */
		40DD29C2264395E200DC4BA8 /* Resources */ = {
			isa = PBXResourcesBuildPhase;
			buildActionMask = 2147483647;
			files = (
				47E32D7F266E02A500E1031B /* MeetingLocalized.strings in Resources */,
				40DD29D4264395E200DC4BA8 /* LaunchScreen.storyboard in Resources */,
				470EB6E4266A486F0072071F /* LaunchImage_en@3x.png in Resources */,
				470EB6E5266A486F0072071F /* LaunchImage_en@2x.png in Resources */,
				470EB6E3266A486F0072071F /* LaunchImage@2x.png in Resources */,
				470EB6F0266A48C80072071F /* Assets.xcassets in Resources */,
				470EB6E6266A486F0072071F /* LaunchImage@3x.png in Resources */,
				470EB6E9266A48770072071F /* LaunchScreen_en.storyboard in Resources */,
				470EB6EC266A48890072071F /* InfoPlist.strings in Resources */,
				40DD29CF264395E200DC4BA8 /* Main.storyboard in Resources */,
				CF10C90E9B77776297467CDB /* LoginLocalized.strings in Resources */,
				C570CF3247B87C01DA5FE47F /* LoginLocalized.strings in Resources */,
			);
			runOnlyForDeploymentPostprocessing = 0;
		};
/* End PBXResourcesBuildPhase section */

/* Begin PBXShellScriptBuildPhase section */
		23C0233DB50CEC6F105C53CC /* [CP] Check Pods Manifest.lock */ = {
			isa = PBXShellScriptBuildPhase;
			buildActionMask = 2147483647;
			files = (
			);
			inputFileListPaths = (
			);
			inputPaths = (
				"${PODS_PODFILE_DIR_PATH}/Podfile.lock",
				"${PODS_ROOT}/Manifest.lock",
			);
			name = "[CP] Check Pods Manifest.lock";
			outputFileListPaths = (
			);
			outputPaths = (
				"$(DERIVED_FILE_DIR)/Pods-TUIMeetingApp-checkManifestLockResult.txt",
			);
			runOnlyForDeploymentPostprocessing = 0;
			shellPath = /bin/sh;
			shellScript = "diff \"${PODS_PODFILE_DIR_PATH}/Podfile.lock\" \"${PODS_ROOT}/Manifest.lock\" > /dev/null\nif [ $? != 0 ] ; then\n    # print error to STDERR\n    echo \"error: The sandbox is not in sync with the Podfile.lock. Run 'pod install' or update your CocoaPods installation.\" >&2\n    exit 1\nfi\n# This output is used by Xcode 'outputs' to avoid re-running this script phase.\necho \"SUCCESS\" > \"${SCRIPT_OUTPUT_FILE_0}\"\n";
			showEnvVarsInLog = 0;
		};
		9ED0BE21E4BD25699DA7A72A /* [CP] Copy Pods Resources */ = {
			isa = PBXShellScriptBuildPhase;
			buildActionMask = 2147483647;
			files = (
			);
			inputFileListPaths = (
				"${PODS_ROOT}/Target Support Files/Pods-TUIMeetingApp/Pods-TUIMeetingApp-resources-${CONFIGURATION}-input-files.xcfilelist",
			);
			name = "[CP] Copy Pods Resources";
			outputFileListPaths = (
				"${PODS_ROOT}/Target Support Files/Pods-TUIMeetingApp/Pods-TUIMeetingApp-resources-${CONFIGURATION}-output-files.xcfilelist",
			);
			runOnlyForDeploymentPostprocessing = 0;
			shellPath = /bin/sh;
			shellScript = "\"${PODS_ROOT}/Target Support Files/Pods-TUIMeetingApp/Pods-TUIMeetingApp-resources.sh\"\n";
			showEnvVarsInLog = 0;
		};
		F553949B6939EDEE8914AA77 /* [CP] Embed Pods Frameworks */ = {
			isa = PBXShellScriptBuildPhase;
			buildActionMask = 2147483647;
			files = (
			);
			inputFileListPaths = (
				"${PODS_ROOT}/Target Support Files/Pods-TUIMeetingApp/Pods-TUIMeetingApp-frameworks-${CONFIGURATION}-input-files.xcfilelist",
			);
			name = "[CP] Embed Pods Frameworks";
			outputFileListPaths = (
				"${PODS_ROOT}/Target Support Files/Pods-TUIMeetingApp/Pods-TUIMeetingApp-frameworks-${CONFIGURATION}-output-files.xcfilelist",
			);
			runOnlyForDeploymentPostprocessing = 0;
			shellPath = /bin/sh;
			shellScript = "\"${PODS_ROOT}/Target Support Files/Pods-TUIMeetingApp/Pods-TUIMeetingApp-frameworks.sh\"\n";
			showEnvVarsInLog = 0;
		};
/* End PBXShellScriptBuildPhase section */

/* Begin PBXSourcesBuildPhase section */
		40DD29C0264395E200DC4BA8 /* Sources */ = {
			isa = PBXSourcesBuildPhase;
			buildActionMask = 2147483647;
			files = (
				40DD29CC264395E200DC4BA8 /* ViewController.swift in Sources */,
				C64C76142653B443007DF326 /* GenerateTestUserSig.swift in Sources */,
				47E32D84266E030600E1031B /* MeetingLocalized.swift in Sources */,
				40DD29C8264395E200DC4BA8 /* AppDelegate.swift in Sources */,
				40DD29CA264395E200DC4BA8 /* SceneDelegate.swift in Sources */,
				AB0E0AD3264ABF90F5BA6264 /* TRTCRegisterRootView.swift in Sources */,
				341FE010BEE805CA11A3AEAA /* TRTCLoginRootView.swift in Sources */,
				79E672E11B5ADCBD181C8770 /* UserAgreementViewController+UI.swift in Sources */,
				D2EB4969DC677C06D92E23C3 /* LoginLocalized.swift in Sources */,
				F6D30D3E860EDF29712E389E /* TRTCLoginViewController.swift in Sources */,
				666607B12E8D2E5A6CFC7E4A /* ProfileManager_Mock.swift in Sources */,
				6E8DA5375518FC7D18D59C49 /* AppUtils.swift in Sources */,
				3C944EFFB531E14F79571AB6 /* TRTCRegisterViewController.swift in Sources */,
				C3251985E5F0229840EB5FC1 /* UserAgreementViewController.swift in Sources */,
				81E187A7FCAA8430F2E9EED5 /* LayoutDefine.swift in Sources */,
			);
			runOnlyForDeploymentPostprocessing = 0;
		};
/* End PBXSourcesBuildPhase section */

/* Begin PBXVariantGroup section */
		40DD29CD264395E200DC4BA8 /* Main.storyboard */ = {
			isa = PBXVariantGroup;
			children = (
				40DD29CE264395E200DC4BA8 /* Base */,
			);
			name = Main.storyboard;
			sourceTree = "<group>";
		};
		40DD29D2264395E200DC4BA8 /* LaunchScreen.storyboard */ = {
			isa = PBXVariantGroup;
			children = (
				40DD29D3264395E200DC4BA8 /* Base */,
			);
			name = LaunchScreen.storyboard;
			sourceTree = "<group>";
		};
		470EB6E7266A48770072071F /* LaunchScreen_en.storyboard */ = {
			isa = PBXVariantGroup;
			children = (
				470EB6E8266A48770072071F /* Base */,
			);
			name = LaunchScreen_en.storyboard;
			sourceTree = "<group>";
		};
		470EB6EE266A48890072071F /* InfoPlist.strings */ = {
			isa = PBXVariantGroup;
			children = (
				470EB6ED266A48890072071F /* en */,
				470EB6EF266A488E0072071F /* zh-Hans */,
			);
			name = InfoPlist.strings;
			sourceTree = "<group>";
		};
		47E32D81266E02A500E1031B /* MeetingLocalized.strings */ = {
			isa = PBXVariantGroup;
			children = (
				47E32D80266E02A500E1031B /* en */,
				47E32D82266E02AA00E1031B /* zh-Hans */,
			);
			name = MeetingLocalized.strings;
			sourceTree = "<group>";
		};
/* End PBXVariantGroup section */

/* Begin XCBuildConfiguration section */
		40DD29D6264395E200DC4BA8 /* Debug */ = {
			isa = XCBuildConfiguration;
			buildSettings = {
				ALWAYS_SEARCH_USER_PATHS = NO;
				CLANG_ANALYZER_NONNULL = YES;
				CLANG_ANALYZER_NUMBER_OBJECT_CONVERSION = YES_AGGRESSIVE;
				CLANG_CXX_LANGUAGE_STANDARD = "gnu++14";
				CLANG_CXX_LIBRARY = "libc++";
				CLANG_ENABLE_MODULES = YES;
				CLANG_ENABLE_OBJC_ARC = YES;
				CLANG_ENABLE_OBJC_WEAK = YES;
				CLANG_WARN_BLOCK_CAPTURE_AUTORELEASING = YES;
				CLANG_WARN_BOOL_CONVERSION = YES;
				CLANG_WARN_COMMA = YES;
				CLANG_WARN_CONSTANT_CONVERSION = YES;
				CLANG_WARN_DEPRECATED_OBJC_IMPLEMENTATIONS = YES;
				CLANG_WARN_DIRECT_OBJC_ISA_USAGE = YES_ERROR;
				CLANG_WARN_DOCUMENTATION_COMMENTS = YES;
				CLANG_WARN_EMPTY_BODY = YES;
				CLANG_WARN_ENUM_CONVERSION = YES;
				CLANG_WARN_INFINITE_RECURSION = YES;
				CLANG_WARN_INT_CONVERSION = YES;
				CLANG_WARN_NON_LITERAL_NULL_CONVERSION = YES;
				CLANG_WARN_OBJC_IMPLICIT_RETAIN_SELF = YES;
				CLANG_WARN_OBJC_LITERAL_CONVERSION = YES;
				CLANG_WARN_OBJC_ROOT_CLASS = YES_ERROR;
				CLANG_WARN_QUOTED_INCLUDE_IN_FRAMEWORK_HEADER = YES;
				CLANG_WARN_RANGE_LOOP_ANALYSIS = YES;
				CLANG_WARN_STRICT_PROTOTYPES = YES;
				CLANG_WARN_SUSPICIOUS_MOVE = YES;
				CLANG_WARN_UNGUARDED_AVAILABILITY = YES_AGGRESSIVE;
				CLANG_WARN_UNREACHABLE_CODE = YES;
				CLANG_WARN__DUPLICATE_METHOD_MATCH = YES;
				COPY_PHASE_STRIP = NO;
				DEBUG_INFORMATION_FORMAT = dwarf;
				ENABLE_STRICT_OBJC_MSGSEND = YES;
				ENABLE_TESTABILITY = YES;
				GCC_C_LANGUAGE_STANDARD = gnu11;
				GCC_DYNAMIC_NO_PIC = NO;
				GCC_NO_COMMON_BLOCKS = YES;
				GCC_OPTIMIZATION_LEVEL = 0;
				GCC_PREPROCESSOR_DEFINITIONS = (
					"DEBUG=1",
					"$(inherited)",
				);
				GCC_WARN_64_TO_32_BIT_CONVERSION = YES;
				GCC_WARN_ABOUT_RETURN_TYPE = YES_ERROR;
				GCC_WARN_UNDECLARED_SELECTOR = YES;
				GCC_WARN_UNINITIALIZED_AUTOS = YES_AGGRESSIVE;
				GCC_WARN_UNUSED_FUNCTION = YES;
				GCC_WARN_UNUSED_VARIABLE = YES;
				IPHONEOS_DEPLOYMENT_TARGET = 14.4;
				MTL_ENABLE_DEBUG_INFO = INCLUDE_SOURCE;
				MTL_FAST_MATH = YES;
				ONLY_ACTIVE_ARCH = YES;
				SDKROOT = iphoneos;
				SWIFT_ACTIVE_COMPILATION_CONDITIONS = DEBUG;
				SWIFT_OPTIMIZATION_LEVEL = "-Onone";
			};
			name = Debug;
		};
		40DD29D7264395E200DC4BA8 /* Release */ = {
			isa = XCBuildConfiguration;
			buildSettings = {
				ALWAYS_SEARCH_USER_PATHS = NO;
				CLANG_ANALYZER_NONNULL = YES;
				CLANG_ANALYZER_NUMBER_OBJECT_CONVERSION = YES_AGGRESSIVE;
				CLANG_CXX_LANGUAGE_STANDARD = "gnu++14";
				CLANG_CXX_LIBRARY = "libc++";
				CLANG_ENABLE_MODULES = YES;
				CLANG_ENABLE_OBJC_ARC = YES;
				CLANG_ENABLE_OBJC_WEAK = YES;
				CLANG_WARN_BLOCK_CAPTURE_AUTORELEASING = YES;
				CLANG_WARN_BOOL_CONVERSION = YES;
				CLANG_WARN_COMMA = YES;
				CLANG_WARN_CONSTANT_CONVERSION = YES;
				CLANG_WARN_DEPRECATED_OBJC_IMPLEMENTATIONS = YES;
				CLANG_WARN_DIRECT_OBJC_ISA_USAGE = YES_ERROR;
				CLANG_WARN_DOCUMENTATION_COMMENTS = YES;
				CLANG_WARN_EMPTY_BODY = YES;
				CLANG_WARN_ENUM_CONVERSION = YES;
				CLANG_WARN_INFINITE_RECURSION = YES;
				CLANG_WARN_INT_CONVERSION = YES;
				CLANG_WARN_NON_LITERAL_NULL_CONVERSION = YES;
				CLANG_WARN_OBJC_IMPLICIT_RETAIN_SELF = YES;
				CLANG_WARN_OBJC_LITERAL_CONVERSION = YES;
				CLANG_WARN_OBJC_ROOT_CLASS = YES_ERROR;
				CLANG_WARN_QUOTED_INCLUDE_IN_FRAMEWORK_HEADER = YES;
				CLANG_WARN_RANGE_LOOP_ANALYSIS = YES;
				CLANG_WARN_STRICT_PROTOTYPES = YES;
				CLANG_WARN_SUSPICIOUS_MOVE = YES;
				CLANG_WARN_UNGUARDED_AVAILABILITY = YES_AGGRESSIVE;
				CLANG_WARN_UNREACHABLE_CODE = YES;
				CLANG_WARN__DUPLICATE_METHOD_MATCH = YES;
				COPY_PHASE_STRIP = NO;
				DEBUG_INFORMATION_FORMAT = "dwarf-with-dsym";
				ENABLE_NS_ASSERTIONS = NO;
				ENABLE_STRICT_OBJC_MSGSEND = YES;
				GCC_C_LANGUAGE_STANDARD = gnu11;
				GCC_NO_COMMON_BLOCKS = YES;
				GCC_WARN_64_TO_32_BIT_CONVERSION = YES;
				GCC_WARN_ABOUT_RETURN_TYPE = YES_ERROR;
				GCC_WARN_UNDECLARED_SELECTOR = YES;
				GCC_WARN_UNINITIALIZED_AUTOS = YES_AGGRESSIVE;
				GCC_WARN_UNUSED_FUNCTION = YES;
				GCC_WARN_UNUSED_VARIABLE = YES;
				IPHONEOS_DEPLOYMENT_TARGET = 14.4;
				MTL_ENABLE_DEBUG_INFO = NO;
				MTL_FAST_MATH = YES;
				SDKROOT = iphoneos;
				SWIFT_COMPILATION_MODE = wholemodule;
				SWIFT_OPTIMIZATION_LEVEL = "-O";
				VALIDATE_PRODUCT = YES;
			};
			name = Release;
		};
		40DD29D9264395E200DC4BA8 /* Debug */ = {
			isa = XCBuildConfiguration;
			baseConfigurationReference = 07BA6D3BCFEA81FC579992DF /* Pods-TUIMeetingApp.debug.xcconfig */;
			buildSettings = {
				ASSETCATALOG_COMPILER_APPICON_NAME = AppIcon;
				ASSETCATALOG_COMPILER_GLOBAL_ACCENT_COLOR_NAME = AccentColor;
				CODE_SIGN_IDENTITY = "iPhone Developer";
				CODE_SIGN_STYLE = Manual;
				DEVELOPMENT_TEAM = F8A3GH6Q4W;
				ENABLE_BITCODE = NO;
				HEADER_SEARCH_PATHS = (
					"$(inherited)",
					"\"${PODS_CONFIGURATION_BUILD_DIR}/Alamofire/Alamofire.framework/Headers\"",
					"\"${PODS_CONFIGURATION_BUILD_DIR}/Kingfisher/Kingfisher.framework/Headers\"",
					"\"${PODS_CONFIGURATION_BUILD_DIR}/MJExtension/MJExtension.framework/Headers\"",
					"\"${PODS_CONFIGURATION_BUILD_DIR}/MJRefresh/MJRefresh.framework/Headers\"",
					"\"${PODS_CONFIGURATION_BUILD_DIR}/SSZipArchive/SSZipArchive.framework/Headers\"",
					"\"${PODS_CONFIGURATION_BUILD_DIR}/SnapKit/SnapKit.framework/Headers\"",
					"\"${PODS_CONFIGURATION_BUILD_DIR}/TUIMeeting/TUIMeeting.framework/Headers\"",
					"\"${PODS_CONFIGURATION_BUILD_DIR}/TXAppBasic/TXAppBasic.framework/Headers\"",
					"\"${PODS_CONFIGURATION_BUILD_DIR}/Toast-Swift/Toast_Swift.framework/Headers\"",
					"${PODS_ROOT}/TXImSDK_Plus_iOS/ImSDK_Plus.framework/Headers/",
				);
				INFOPLIST_FILE = App/Info.plist;
				IPHONEOS_DEPLOYMENT_TARGET = 13.0;
				LD_RUNPATH_SEARCH_PATHS = (
					"$(inherited)",
					"@executable_path/Frameworks",
				);
				OTHER_LDFLAGS = (
					"$(inherited)",
					"-ObjC",
					"-l\"c++\"",
					"-l\"iconv\"",
					"-l\"resolv\"",
					"-l\"z\"",
					"-framework",
					"\"AVFoundation\"",
					"-framework",
					"\"Accelerate\"",
					"-framework",
					"\"Alamofire\"",
					"-framework",
					"\"CFNetwork\"",
					"-framework",
					"\"ImSDK_Plus\"",
					"-framework",
					"\"Kingfisher\"",
					"-framework",
					"\"MJExtension\"",
					"-framework",
					"\"MJRefresh\"",
					"-framework",
					"\"QuartzCore\"",
					"-framework",
					"\"SSZipArchive\"",
					"-framework",
					"\"Security\"",
					"-framework",
					"\"SnapKit\"",
					"-framework",
					"\"TUIMeeting\"",
					"-framework",
					"\"TXAppBasic\"",
					"-framework",
					"\"Toast_Swift\"",
					"-weak_framework",
					"\"Combine\"",
					"-weak_framework",
					"\"SwiftUI\"",
				);
				OTHER_SWIFT_FLAGS = "$(inherited) -D COCOAPODS";
				PRODUCT_BUNDLE_IDENTIFIER = com.tencent.tuimeeting;
				PRODUCT_NAME = "$(TARGET_NAME)";
				PROVISIONING_PROFILE_SPECIFIER = abyWildcardDev;
				SWIFT_VERSION = 5.0;
				TARGETED_DEVICE_FAMILY = 1;
			};
			name = Debug;
		};
		40DD29DA264395E200DC4BA8 /* Release */ = {
			isa = XCBuildConfiguration;
			baseConfigurationReference = CDF001B4ECAA6CC26D469188 /* Pods-TUIMeetingApp.release.xcconfig */;
			buildSettings = {
				ASSETCATALOG_COMPILER_APPICON_NAME = AppIcon;
				ASSETCATALOG_COMPILER_GLOBAL_ACCENT_COLOR_NAME = AccentColor;
				CODE_SIGN_IDENTITY = "iPhone Developer";
				CODE_SIGN_STYLE = Manual;
				DEVELOPMENT_TEAM = F8A3GH6Q4W;
				ENABLE_BITCODE = NO;
				HEADER_SEARCH_PATHS = (
					"$(inherited)",
					"\"${PODS_CONFIGURATION_BUILD_DIR}/Alamofire/Alamofire.framework/Headers\"",
					"\"${PODS_CONFIGURATION_BUILD_DIR}/Kingfisher/Kingfisher.framework/Headers\"",
					"\"${PODS_CONFIGURATION_BUILD_DIR}/MJExtension/MJExtension.framework/Headers\"",
					"\"${PODS_CONFIGURATION_BUILD_DIR}/MJRefresh/MJRefresh.framework/Headers\"",
					"\"${PODS_CONFIGURATION_BUILD_DIR}/SSZipArchive/SSZipArchive.framework/Headers\"",
					"\"${PODS_CONFIGURATION_BUILD_DIR}/SnapKit/SnapKit.framework/Headers\"",
					"\"${PODS_CONFIGURATION_BUILD_DIR}/TUIMeeting/TUIMeeting.framework/Headers\"",
					"\"${PODS_CONFIGURATION_BUILD_DIR}/TXAppBasic/TXAppBasic.framework/Headers\"",
					"\"${PODS_CONFIGURATION_BUILD_DIR}/Toast-Swift/Toast_Swift.framework/Headers\"",
					"${PODS_ROOT}/TXImSDK_Plus_iOS/ImSDK_Plus.framework/Headers/",
				);
				INFOPLIST_FILE = App/Info.plist;
				IPHONEOS_DEPLOYMENT_TARGET = 13.0;
				LD_RUNPATH_SEARCH_PATHS = (
					"$(inherited)",
					"@executable_path/Frameworks",
				);
				OTHER_LDFLAGS = (
					"$(inherited)",
					"-ObjC",
					"-l\"c++\"",
					"-l\"iconv\"",
					"-l\"resolv\"",
					"-l\"z\"",
					"-framework",
					"\"AVFoundation\"",
					"-framework",
					"\"Accelerate\"",
					"-framework",
					"\"Alamofire\"",
					"-framework",
					"\"CFNetwork\"",
					"-framework",
					"\"ImSDK_Plus\"",
					"-framework",
					"\"Kingfisher\"",
					"-framework",
					"\"MJExtension\"",
					"-framework",
					"\"MJRefresh\"",
					"-framework",
					"\"QuartzCore\"",
					"-framework",
					"\"SSZipArchive\"",
					"-framework",
					"\"Security\"",
					"-framework",
					"\"SnapKit\"",
					"-framework",
					"\"TUIMeeting\"",
					"-framework",
					"\"TXAppBasic\"",
					"-framework",
					"\"Toast_Swift\"",
					"-weak_framework",
					"\"Combine\"",
					"-weak_framework",
					"\"SwiftUI\"",
				);
				OTHER_SWIFT_FLAGS = "$(inherited) -D COCOAPODS";
				PRODUCT_BUNDLE_IDENTIFIER = com.tencent.tuimeeting;
				PRODUCT_NAME = "$(TARGET_NAME)";
				PROVISIONING_PROFILE_SPECIFIER = abyWildcardDev;
				SWIFT_VERSION = 5.0;
				TARGETED_DEVICE_FAMILY = 1;
			};
			name = Release;
		};
/* End XCBuildConfiguration section */

/* Begin XCConfigurationList section */
		40DD29BF264395E200DC4BA8 /* Build configuration list for PBXProject "TUIMeetingApp" */ = {
			isa = XCConfigurationList;
			buildConfigurations = (
				40DD29D6264395E200DC4BA8 /* Debug */,
				40DD29D7264395E200DC4BA8 /* Release */,
			);
			defaultConfigurationIsVisible = 0;
			defaultConfigurationName = Release;
		};
		40DD29D8264395E200DC4BA8 /* Build configuration list for PBXNativeTarget "TUIMeetingApp" */ = {
			isa = XCConfigurationList;
			buildConfigurations = (
				40DD29D9264395E200DC4BA8 /* Debug */,
				40DD29DA264395E200DC4BA8 /* Release */,
			);
			defaultConfigurationIsVisible = 0;
			defaultConfigurationName = Release;
		};
/* End XCConfigurationList section */
	};
	rootObject = 40DD29BC264395E200DC4BA8 /* Project object */;
}
