// !$*UTF8*$!
{
	archiveVersion = 1;
	classes = {
	};
	objectVersion = 51;
	objects = {

/* Begin PBXBuildFile section */
		0C04CB8BC1E0241B64B70F02 /* UserAgreementViewController+UI.swift in Sources */ = {isa = PBXBuildFile; fileRef = 34E02BBB12FE80FB1B752F4E /* UserAgreementViewController+UI.swift */; };
		0CD04B0E5AB6F0D2022B311D /* TRTCRegisterRootView.swift in Sources */ = {isa = PBXBuildFile; fileRef = 28A6B450962AE603AA58AFE4 /* TRTCRegisterRootView.swift */; };
		1197D64C129861A29503F5D9 /* LoginLocalized.swift in Sources */ = {isa = PBXBuildFile; fileRef = 09880FA28C0D72BCF99BC586 /* LoginLocalized.swift */; };
		21ADA8914176CCEED02A1865 /* LoginLocalized.strings in Resources */ = {isa = PBXBuildFile; fileRef = 6D3A763217E2410CECEA466C /* LoginLocalized.strings */; };
		309677E576D2EDA785E965D3 /* AppUtils.swift in Sources */ = {isa = PBXBuildFile; fileRef = FB6FBEF467E80009F6E2D6DD /* AppUtils.swift */; };
		3D579181022426035334A8C9 /* TRTCLoginViewController.swift in Sources */ = {isa = PBXBuildFile; fileRef = 8E83FF295A0D8EE79BF0980F /* TRTCLoginViewController.swift */; };
		4C9147700501CE8123196DB1 /* LayoutDefine.swift in Sources */ = {isa = PBXBuildFile; fileRef = 3C95E1AC2D5EFD63728E3CFA /* LayoutDefine.swift */; };
		4D5D094FA0CA37BAF320B1D5 /* LoginLocalized.strings in Resources */ = {isa = PBXBuildFile; fileRef = AD0A94B52F5475609AB954BC /* LoginLocalized.strings */; };
		5257AA7E25D68B6BB4BBAE01 /* Pods_TXReplayKit_Screen.framework in Frameworks */ = {isa = PBXBuildFile; fileRef = ED7CC5EDEB42420F67761EFA /* Pods_TXReplayKit_Screen.framework */; };
		5299BA6C01D2DF74B1BA845A /* Pods_DemoApp.framework in Frameworks */ = {isa = PBXBuildFile; fileRef = E4CD7F588EA29064C4C9474A /* Pods_DemoApp.framework */; };
		78F1B6AE7CDA2B20C184DDB3 /* TRTCLoginRootView.swift in Sources */ = {isa = PBXBuildFile; fileRef = B93B3D460416D04216A3FC47 /* TRTCLoginRootView.swift */; };
		7C4D7C0B7A973D719DE0259A /* TRTCRegisterViewController.swift in Sources */ = {isa = PBXBuildFile; fileRef = C44A20860C7C216EDAB989F4 /* TRTCRegisterViewController.swift */; };
		C11C13AE27858B4B001D39CB /* AppMainViewController.swift in Sources */ = {isa = PBXBuildFile; fileRef = C11C13AD27858B4B001D39CB /* AppMainViewController.swift */; };
		C18CE615279005D10071C120 /* ReplayKitLocalized.m in Sources */ = {isa = PBXBuildFile; fileRef = C18CE607279005D10071C120 /* ReplayKitLocalized.m */; };
		C18CE616279005D10071C120 /* InfoPlist.strings in Resources */ = {isa = PBXBuildFile; fileRef = C18CE608279005D10071C120 /* InfoPlist.strings */; };
		C18CE617279005D10071C120 /* ReplayKitLocalized.strings in Resources */ = {isa = PBXBuildFile; fileRef = C18CE60A279005D10071C120 /* ReplayKitLocalized.strings */; };
		C1F2C762278FD4E000216EB8 /* ReplayKit.framework in Frameworks */ = {isa = PBXBuildFile; fileRef = C1F2C761278FD4E000216EB8 /* ReplayKit.framework */; };
		C1F2C766278FD4E000216EB8 /* SampleHandler.m in Sources */ = {isa = PBXBuildFile; fileRef = C1F2C765278FD4E000216EB8 /* SampleHandler.m */; };
		C1F2C76A278FD4E000216EB8 /* TXReplayKit_Screen.appex in Embed App Extensions */ = {isa = PBXBuildFile; fileRef = C1F2C760278FD4E000216EB8 /* TXReplayKit_Screen.appex */; settings = {ATTRIBUTES = (RemoveHeadersOnCopy, ); }; };
		C1F2C776278FD65300216EB8 /* libc++.tbd in Frameworks */ = {isa = PBXBuildFile; fileRef = C1F2C775278FD65300216EB8 /* libc++.tbd */; };
		C1F2C778278FD65C00216EB8 /* Accelerate.framework in Frameworks */ = {isa = PBXBuildFile; fileRef = C1F2C777278FD65C00216EB8 /* Accelerate.framework */; };
		C6597941268079C500CCAA4C /* ViewController.swift in Sources */ = {isa = PBXBuildFile; fileRef = C6597934268079C500CCAA4C /* ViewController.swift */; };
		C6597942268079C500CCAA4C /* LaunchImage@2x.png in Resources */ = {isa = PBXBuildFile; fileRef = C6597935268079C500CCAA4C /* LaunchImage@2x.png */; };
		C6597943268079C500CCAA4C /* LaunchImage@3x.png in Resources */ = {isa = PBXBuildFile; fileRef = C6597936268079C500CCAA4C /* LaunchImage@3x.png */; };
		C6597944268079C500CCAA4C /* LaunchImage_en@2x.png in Resources */ = {isa = PBXBuildFile; fileRef = C6597937268079C500CCAA4C /* LaunchImage_en@2x.png */; };
		C6597945268079C500CCAA4C /* Assets.xcassets in Resources */ = {isa = PBXBuildFile; fileRef = C6597938268079C500CCAA4C /* Assets.xcassets */; };
		C6597946268079C500CCAA4C /* LaunchImage_en@3x.png in Resources */ = {isa = PBXBuildFile; fileRef = C6597939268079C500CCAA4C /* LaunchImage_en@3x.png */; };
		C6597949268079C500CCAA4C /* AppDelegate.swift in Sources */ = {isa = PBXBuildFile; fileRef = C659793E268079C500CCAA4C /* AppDelegate.swift */; };
		C659794B268079C500CCAA4C /* SceneDelegate.swift in Sources */ = {isa = PBXBuildFile; fileRef = C6597940268079C500CCAA4C /* SceneDelegate.swift */; };
		C659794F268079CD00CCAA4C /* GenerateTestUserSig.swift in Sources */ = {isa = PBXBuildFile; fileRef = C659794E268079CD00CCAA4C /* GenerateTestUserSig.swift */; };
		C6597991268088AB00CCAA4C /* InfoPlist.strings in Resources */ = {isa = PBXBuildFile; fileRef = C659798E268088AB00CCAA4C /* InfoPlist.strings */; };
		C6597995268088B400CCAA4C /* LaunchScreen_en.storyboard in Resources */ = {isa = PBXBuildFile; fileRef = C6597993268088B400CCAA4C /* LaunchScreen_en.storyboard */; };
		C659799B2680895E00CCAA4C /* LaunchScreen.strings in Resources */ = {isa = PBXBuildFile; fileRef = C65979992680895E00CCAA4C /* LaunchScreen.strings */; };
		C659799F2680897900CCAA4C /* LaunchScreen.storyboard in Resources */ = {isa = PBXBuildFile; fileRef = C659799D2680897900CCAA4C /* LaunchScreen.storyboard */; };
		C685C0F626A67931007A7A6F /* DemoLocalized.strings in Resources */ = {isa = PBXBuildFile; fileRef = C685C0EE26A67931007A7A6F /* DemoLocalized.strings */; };
		C685C0F726A67931007A7A6F /* DemoLocalized.swift in Sources */ = {isa = PBXBuildFile; fileRef = C685C0F126A67931007A7A6F /* DemoLocalized.swift */; };
		C685C0F826A67931007A7A6F /* KaraokeAssets.xcassets in Resources */ = {isa = PBXBuildFile; fileRef = C685C0F326A67931007A7A6F /* KaraokeAssets.xcassets */; };
		CE2AC765CE9529A19711543F /* UserAgreementViewController.swift in Sources */ = {isa = PBXBuildFile; fileRef = 8EDE08155E3CEB3AE2326738 /* UserAgreementViewController.swift */; };
		F22E181273F06150A7B3AF45 /* ProfileManager_Mock.swift in Sources */ = {isa = PBXBuildFile; fileRef = 2968EB8D900FE2B65C4D79D9 /* ProfileManager_Mock.swift */; };
/* End PBXBuildFile section */

/* Begin PBXContainerItemProxy section */
		C1F2C768278FD4E000216EB8 /* PBXContainerItemProxy */ = {
			isa = PBXContainerItemProxy;
			containerPortal = C65978FD268078E100CCAA4C /* Project object */;
			proxyType = 1;
			remoteGlobalIDString = C1F2C75F278FD4E000216EB8;
			remoteInfo = TXReplayKit_Screen;
		};
/* End PBXContainerItemProxy section */

/* Begin PBXCopyFilesBuildPhase section */
		C1F2C76B278FD4E000216EB8 /* Embed App Extensions */ = {
			isa = PBXCopyFilesBuildPhase;
			buildActionMask = 2147483647;
			dstPath = "";
			dstSubfolderSpec = 13;
			files = (
				C1F2C76A278FD4E000216EB8 /* TXReplayKit_Screen.appex in Embed App Extensions */,
			);
			name = "Embed App Extensions";
			runOnlyForDeploymentPostprocessing = 0;
		};
/* End PBXCopyFilesBuildPhase section */

/* Begin PBXFileReference section */
		09880FA28C0D72BCF99BC586 /* LoginLocalized.swift */ = {isa = PBXFileReference; includeInIndex = 1; lastKnownFileType = sourcecode.swift; path = LoginLocalized.swift; sourceTree = "<group>"; };
		28A6B450962AE603AA58AFE4 /* TRTCRegisterRootView.swift */ = {isa = PBXFileReference; includeInIndex = 1; lastKnownFileType = sourcecode.swift; path = TRTCRegisterRootView.swift; sourceTree = "<group>"; };
		2968EB8D900FE2B65C4D79D9 /* ProfileManager_Mock.swift */ = {isa = PBXFileReference; includeInIndex = 1; lastKnownFileType = sourcecode.swift; path = ProfileManager_Mock.swift; sourceTree = "<group>"; };
		34E02BBB12FE80FB1B752F4E /* UserAgreementViewController+UI.swift */ = {isa = PBXFileReference; includeInIndex = 1; lastKnownFileType = sourcecode.swift; path = "UserAgreementViewController+UI.swift"; sourceTree = "<group>"; };
		3C95E1AC2D5EFD63728E3CFA /* LayoutDefine.swift */ = {isa = PBXFileReference; includeInIndex = 1; lastKnownFileType = sourcecode.swift; path = LayoutDefine.swift; sourceTree = "<group>"; };
		6D3A763217E2410CECEA466C /* LoginLocalized.strings */ = {isa = PBXFileReference; includeInIndex = 1; lastKnownFileType = text.plist.strings; path = LoginLocalized.strings; sourceTree = "<group>"; };
		8E83FF295A0D8EE79BF0980F /* TRTCLoginViewController.swift */ = {isa = PBXFileReference; includeInIndex = 1; lastKnownFileType = sourcecode.swift; path = TRTCLoginViewController.swift; sourceTree = "<group>"; };
		8EDE08155E3CEB3AE2326738 /* UserAgreementViewController.swift */ = {isa = PBXFileReference; includeInIndex = 1; lastKnownFileType = sourcecode.swift; path = UserAgreementViewController.swift; sourceTree = "<group>"; };
		8F34FA8C3B7EA33C24677D50 /* Pods-TXReplayKit_Screen.release.xcconfig */ = {isa = PBXFileReference; includeInIndex = 1; lastKnownFileType = text.xcconfig; name = "Pods-TXReplayKit_Screen.release.xcconfig"; path = "Target Support Files/Pods-TXReplayKit_Screen/Pods-TXReplayKit_Screen.release.xcconfig"; sourceTree = "<group>"; };
		9A118A5B5DE110B8217C48CB /* Pods-DemoApp.release.xcconfig */ = {isa = PBXFileReference; includeInIndex = 1; lastKnownFileType = text.xcconfig; name = "Pods-DemoApp.release.xcconfig"; path = "Target Support Files/Pods-DemoApp/Pods-DemoApp.release.xcconfig"; sourceTree = "<group>"; };
		9CA7D17F6CB864C86F7B41C8 /* Pods-DemoApp.debug.xcconfig */ = {isa = PBXFileReference; includeInIndex = 1; lastKnownFileType = text.xcconfig; name = "Pods-DemoApp.debug.xcconfig"; path = "Target Support Files/Pods-DemoApp/Pods-DemoApp.debug.xcconfig"; sourceTree = "<group>"; };
		AD0A94B52F5475609AB954BC /* LoginLocalized.strings */ = {isa = PBXFileReference; includeInIndex = 1; lastKnownFileType = text.plist.strings; path = LoginLocalized.strings; sourceTree = "<group>"; };
		B93B3D460416D04216A3FC47 /* TRTCLoginRootView.swift */ = {isa = PBXFileReference; includeInIndex = 1; lastKnownFileType = sourcecode.swift; path = TRTCLoginRootView.swift; sourceTree = "<group>"; };
		C11C13AD27858B4B001D39CB /* AppMainViewController.swift */ = {isa = PBXFileReference; fileEncoding = 4; lastKnownFileType = sourcecode.swift; path = AppMainViewController.swift; sourceTree = "<group>"; };
		C18CE607279005D10071C120 /* ReplayKitLocalized.m */ = {isa = PBXFileReference; fileEncoding = 4; lastKnownFileType = sourcecode.c.objc; path = ReplayKitLocalized.m; sourceTree = "<group>"; };
		C18CE609279005D10071C120 /* zh-Hans */ = {isa = PBXFileReference; lastKnownFileType = text.plist.strings; name = "zh-Hans"; path = "zh-Hans.lproj/InfoPlist.strings"; sourceTree = "<group>"; };
		C18CE60B279005D10071C120 /* zh-Hans */ = {isa = PBXFileReference; lastKnownFileType = text.plist.strings; name = "zh-Hans"; path = "zh-Hans.lproj/ReplayKitLocalized.strings"; sourceTree = "<group>"; };
		C18CE60C279005D10071C120 /* en */ = {isa = PBXFileReference; lastKnownFileType = text.plist.strings; name = en; path = en.lproj/InfoPlist.strings; sourceTree = "<group>"; };
		C18CE60D279005D10071C120 /* en */ = {isa = PBXFileReference; lastKnownFileType = text.plist.strings; name = en; path = en.lproj/ReplayKitLocalized.strings; sourceTree = "<group>"; };
		C18CE60E279005D10071C120 /* ReplayKitLocalized.h */ = {isa = PBXFileReference; fileEncoding = 4; lastKnownFileType = sourcecode.c.h; path = ReplayKitLocalized.h; sourceTree = "<group>"; };
		C1F2C760278FD4E000216EB8 /* TXReplayKit_Screen.appex */ = {isa = PBXFileReference; explicitFileType = "wrapper.app-extension"; includeInIndex = 0; path = TXReplayKit_Screen.appex; sourceTree = BUILT_PRODUCTS_DIR; };
		C1F2C761278FD4E000216EB8 /* ReplayKit.framework */ = {isa = PBXFileReference; lastKnownFileType = wrapper.framework; name = ReplayKit.framework; path = System/Library/Frameworks/ReplayKit.framework; sourceTree = SDKROOT; };
		C1F2C764278FD4E000216EB8 /* SampleHandler.h */ = {isa = PBXFileReference; lastKnownFileType = sourcecode.c.h; path = SampleHandler.h; sourceTree = "<group>"; };
		C1F2C765278FD4E000216EB8 /* SampleHandler.m */ = {isa = PBXFileReference; lastKnownFileType = sourcecode.c.objc; path = SampleHandler.m; sourceTree = "<group>"; };
		C1F2C767278FD4E000216EB8 /* Info.plist */ = {isa = PBXFileReference; lastKnownFileType = text.plist.xml; path = Info.plist; sourceTree = "<group>"; };
		C1F2C775278FD65300216EB8 /* libc++.tbd */ = {isa = PBXFileReference; lastKnownFileType = "sourcecode.text-based-dylib-definition"; name = "libc++.tbd"; path = "usr/lib/libc++.tbd"; sourceTree = SDKROOT; };
		C1F2C777278FD65C00216EB8 /* Accelerate.framework */ = {isa = PBXFileReference; lastKnownFileType = wrapper.framework; name = Accelerate.framework; path = System/Library/Frameworks/Accelerate.framework; sourceTree = SDKROOT; };
		C44A20860C7C216EDAB989F4 /* TRTCRegisterViewController.swift */ = {isa = PBXFileReference; includeInIndex = 1; lastKnownFileType = sourcecode.swift; path = TRTCRegisterViewController.swift; sourceTree = "<group>"; };
		C6597905268078E100CCAA4C /* DemoApp.app */ = {isa = PBXFileReference; explicitFileType = wrapper.application; includeInIndex = 0; path = DemoApp.app; sourceTree = BUILT_PRODUCTS_DIR; };
		C6597934268079C500CCAA4C /* ViewController.swift */ = {isa = PBXFileReference; fileEncoding = 4; lastKnownFileType = sourcecode.swift; path = ViewController.swift; sourceTree = "<group>"; };
		C6597935268079C500CCAA4C /* LaunchImage@2x.png */ = {isa = PBXFileReference; lastKnownFileType = image.png; path = "LaunchImage@2x.png"; sourceTree = "<group>"; };
		C6597936268079C500CCAA4C /* LaunchImage@3x.png */ = {isa = PBXFileReference; lastKnownFileType = image.png; path = "LaunchImage@3x.png"; sourceTree = "<group>"; };
		C6597937268079C500CCAA4C /* LaunchImage_en@2x.png */ = {isa = PBXFileReference; lastKnownFileType = image.png; path = "LaunchImage_en@2x.png"; sourceTree = "<group>"; };
		C6597938268079C500CCAA4C /* Assets.xcassets */ = {isa = PBXFileReference; lastKnownFileType = folder.assetcatalog; path = Assets.xcassets; sourceTree = "<group>"; };
		C6597939268079C500CCAA4C /* LaunchImage_en@3x.png */ = {isa = PBXFileReference; lastKnownFileType = image.png; path = "LaunchImage_en@3x.png"; sourceTree = "<group>"; };
		C659793D268079C500CCAA4C /* Base */ = {isa = PBXFileReference; lastKnownFileType = file.storyboard; name = Base; path = Base.lproj/Main.storyboard; sourceTree = "<group>"; };
		C659793E268079C500CCAA4C /* AppDelegate.swift */ = {isa = PBXFileReference; fileEncoding = 4; lastKnownFileType = sourcecode.swift; path = AppDelegate.swift; sourceTree = "<group>"; };
		C659793F268079C500CCAA4C /* Info.plist */ = {isa = PBXFileReference; fileEncoding = 4; lastKnownFileType = text.plist.xml; path = Info.plist; sourceTree = "<group>"; };
		C6597940268079C500CCAA4C /* SceneDelegate.swift */ = {isa = PBXFileReference; fileEncoding = 4; lastKnownFileType = sourcecode.swift; path = SceneDelegate.swift; sourceTree = "<group>"; };
		C659794E268079CD00CCAA4C /* GenerateTestUserSig.swift */ = {isa = PBXFileReference; fileEncoding = 4; lastKnownFileType = sourcecode.swift; path = GenerateTestUserSig.swift; sourceTree = "<group>"; };
		C659798F268088AB00CCAA4C /* zh-Hans */ = {isa = PBXFileReference; lastKnownFileType = text.plist.strings; name = "zh-Hans"; path = "zh-Hans.lproj/InfoPlist.strings"; sourceTree = "<group>"; };
		C6597994268088B400CCAA4C /* Base */ = {isa = PBXFileReference; lastKnownFileType = file.storyboard; name = Base; path = Base.lproj/LaunchScreen_en.storyboard; sourceTree = "<group>"; };
		C6597997268088BE00CCAA4C /* en */ = {isa = PBXFileReference; lastKnownFileType = text.plist.strings; name = en; path = en.lproj/InfoPlist.strings; sourceTree = "<group>"; };
		C659799A2680895E00CCAA4C /* zh-Hans */ = {isa = PBXFileReference; lastKnownFileType = text.plist.strings; name = "zh-Hans"; path = "zh-Hans.lproj/LaunchScreen.strings"; sourceTree = "<group>"; };
		C659799E2680897900CCAA4C /* Base */ = {isa = PBXFileReference; lastKnownFileType = file.storyboard; name = Base; path = Base.lproj/LaunchScreen.storyboard; sourceTree = "<group>"; };
		C685C0EF26A67931007A7A6F /* zh-Hans */ = {isa = PBXFileReference; lastKnownFileType = text.plist.strings; name = "zh-Hans"; path = "zh-Hans.lproj/DemoLocalized.strings"; sourceTree = "<group>"; };
		C685C0F026A67931007A7A6F /* en */ = {isa = PBXFileReference; lastKnownFileType = text.plist.strings; name = en; path = en.lproj/DemoLocalized.strings; sourceTree = "<group>"; };
		C685C0F126A67931007A7A6F /* DemoLocalized.swift */ = {isa = PBXFileReference; fileEncoding = 4; lastKnownFileType = sourcecode.swift; path = DemoLocalized.swift; sourceTree = "<group>"; };
		C685C0F326A67931007A7A6F /* KaraokeAssets.xcassets */ = {isa = PBXFileReference; lastKnownFileType = folder.assetcatalog; path = KaraokeAssets.xcassets; sourceTree = "<group>"; };
		C88090EDF1A646DCFB963356 /* Pods-TXReplayKit_Screen.debug.xcconfig */ = {isa = PBXFileReference; includeInIndex = 1; lastKnownFileType = text.xcconfig; name = "Pods-TXReplayKit_Screen.debug.xcconfig"; path = "Target Support Files/Pods-TXReplayKit_Screen/Pods-TXReplayKit_Screen.debug.xcconfig"; sourceTree = "<group>"; };
		E4CD7F588EA29064C4C9474A /* Pods_DemoApp.framework */ = {isa = PBXFileReference; explicitFileType = wrapper.framework; includeInIndex = 0; path = Pods_DemoApp.framework; sourceTree = BUILT_PRODUCTS_DIR; };
		ED7CC5EDEB42420F67761EFA /* Pods_TXReplayKit_Screen.framework */ = {isa = PBXFileReference; explicitFileType = wrapper.framework; includeInIndex = 0; path = Pods_TXReplayKit_Screen.framework; sourceTree = BUILT_PRODUCTS_DIR; };
		FB6FBEF467E80009F6E2D6DD /* AppUtils.swift */ = {isa = PBXFileReference; includeInIndex = 1; lastKnownFileType = sourcecode.swift; path = AppUtils.swift; sourceTree = "<group>"; };
/* End PBXFileReference section */

/* Begin PBXFrameworksBuildPhase section */
		C1F2C75D278FD4E000216EB8 /* Frameworks */ = {
			isa = PBXFrameworksBuildPhase;
			buildActionMask = 2147483647;
			files = (
				C1F2C778278FD65C00216EB8 /* Accelerate.framework in Frameworks */,
				C1F2C776278FD65300216EB8 /* libc++.tbd in Frameworks */,
				C1F2C762278FD4E000216EB8 /* ReplayKit.framework in Frameworks */,
				5257AA7E25D68B6BB4BBAE01 /* Pods_TXReplayKit_Screen.framework in Frameworks */,
			);
			runOnlyForDeploymentPostprocessing = 0;
		};
		C6597902268078E100CCAA4C /* Frameworks */ = {
			isa = PBXFrameworksBuildPhase;
			buildActionMask = 2147483647;
			files = (
				5299BA6C01D2DF74B1BA845A /* Pods_DemoApp.framework in Frameworks */,
			);
			runOnlyForDeploymentPostprocessing = 0;
		};
/* End PBXFrameworksBuildPhase section */

/* Begin PBXGroup section */
		0EBA935E8DF93EA9C2D8A406 /* en.lproj */ = {
			isa = PBXGroup;
			children = (
				AD0A94B52F5475609AB954BC /* LoginLocalized.strings */,
			);
			name = en.lproj;
			path = en.lproj;
			sourceTree = "<group>";
		};
		4093D9FE8B6EA8D12C4274C2 /* Pods */ = {
			isa = PBXGroup;
			children = (
				9CA7D17F6CB864C86F7B41C8 /* Pods-DemoApp.debug.xcconfig */,
				9A118A5B5DE110B8217C48CB /* Pods-DemoApp.release.xcconfig */,
				C88090EDF1A646DCFB963356 /* Pods-TXReplayKit_Screen.debug.xcconfig */,
				8F34FA8C3B7EA33C24677D50 /* Pods-TXReplayKit_Screen.release.xcconfig */,
			);
			path = Pods;
			sourceTree = "<group>";
		};
		4D990BCFB158B1316F1DBA11 /* zh-Hans.lproj */ = {
			isa = PBXGroup;
			children = (
				6D3A763217E2410CECEA466C /* LoginLocalized.strings */,
			);
			name = "zh-Hans.lproj";
			path = "zh-Hans.lproj";
			sourceTree = "<group>";
		};
		B5FFB1C4DE6620A799FD5C68 /* AppLocalized */ = {
			isa = PBXGroup;
			children = (
				4D990BCFB158B1316F1DBA11 /* zh-Hans.lproj */,
				0EBA935E8DF93EA9C2D8A406 /* en.lproj */,
				09880FA28C0D72BCF99BC586 /* LoginLocalized.swift */,
			);
			name = AppLocalized;
			path = AppLocalized;
			sourceTree = "<group>";
		};
		C18CE606279005D10071C120 /* Localized */ = {
			isa = PBXGroup;
			children = (
				C18CE608279005D10071C120 /* InfoPlist.strings */,
				C18CE60E279005D10071C120 /* ReplayKitLocalized.h */,
				C18CE607279005D10071C120 /* ReplayKitLocalized.m */,
				C18CE60A279005D10071C120 /* ReplayKitLocalized.strings */,
			);
			path = Localized;
			sourceTree = "<group>";
		};
		C1F2C763278FD4E000216EB8 /* TXReplayKit_Screen */ = {
			isa = PBXGroup;
			children = (
				C18CE606279005D10071C120 /* Localized */,
				C1F2C764278FD4E000216EB8 /* SampleHandler.h */,
				C1F2C765278FD4E000216EB8 /* SampleHandler.m */,
				C1F2C767278FD4E000216EB8 /* Info.plist */,
			);
			path = TXReplayKit_Screen;
			sourceTree = "<group>";
		};
		C65978FC268078E100CCAA4C = {
			isa = PBXGroup;
			children = (
				C659794D268079CD00CCAA4C /* Debug */,
				C6597933268079C500CCAA4C /* App */,
				C1F2C763278FD4E000216EB8 /* TXReplayKit_Screen */,
				C6597906268078E100CCAA4C /* Products */,
				4093D9FE8B6EA8D12C4274C2 /* Pods */,
				F6F6B85282DF8397356DE795 /* Frameworks */,
			);
			sourceTree = "<group>";
		};
		C6597906268078E100CCAA4C /* Products */ = {
			isa = PBXGroup;
			children = (
				C6597905268078E100CCAA4C /* DemoApp.app */,
				C1F2C760278FD4E000216EB8 /* TXReplayKit_Screen.appex */,
			);
			name = Products;
			sourceTree = "<group>";
		};
		C6597933268079C500CCAA4C /* App */ = {
			isa = PBXGroup;
			children = (
				C685C0E826A67931007A7A6F /* Main */,
				C6597935268079C500CCAA4C /* LaunchImage@2x.png */,
				C6597936268079C500CCAA4C /* LaunchImage@3x.png */,
				C6597937268079C500CCAA4C /* LaunchImage_en@2x.png */,
				C6597938268079C500CCAA4C /* Assets.xcassets */,
				C6597939268079C500CCAA4C /* LaunchImage_en@3x.png */,
				C659793C268079C500CCAA4C /* Main.storyboard */,
				C659793E268079C500CCAA4C /* AppDelegate.swift */,
				C6597940268079C500CCAA4C /* SceneDelegate.swift */,
				C6597934268079C500CCAA4C /* ViewController.swift */,
				C659793F268079C500CCAA4C /* Info.plist */,
				C6597993268088B400CCAA4C /* LaunchScreen_en.storyboard */,
				C65979992680895E00CCAA4C /* LaunchScreen.strings */,
				C659799D2680897900CCAA4C /* LaunchScreen.storyboard */,
				C659798E268088AB00CCAA4C /* InfoPlist.strings */,
				FBB32BD5A337DA75F8167410 /* Login */,
			);
			path = App;
			sourceTree = "<group>";
		};
		C659794D268079CD00CCAA4C /* Debug */ = {
			isa = PBXGroup;
			children = (
				C659794E268079CD00CCAA4C /* GenerateTestUserSig.swift */,
			);
			path = Debug;
			sourceTree = "<group>";
		};
		C685C0E826A67931007A7A6F /* Main */ = {
			isa = PBXGroup;
			children = (
				C685C0E926A67931007A7A6F /* ui */,
				C685C0EC26A67931007A7A6F /* resource */,
			);
			path = Main;
			sourceTree = "<group>";
		};
		C685C0E926A67931007A7A6F /* ui */ = {
			isa = PBXGroup;
			children = (
				C11C13AD27858B4B001D39CB /* AppMainViewController.swift */,
			);
			path = ui;
			sourceTree = "<group>";
		};
		C685C0EC26A67931007A7A6F /* resource */ = {
			isa = PBXGroup;
			children = (
				C685C0ED26A67931007A7A6F /* localized */,
				C685C0F226A67931007A7A6F /* assets */,
			);
			path = resource;
			sourceTree = "<group>";
		};
		C685C0ED26A67931007A7A6F /* localized */ = {
			isa = PBXGroup;
			children = (
				C685C0EE26A67931007A7A6F /* DemoLocalized.strings */,
				C685C0F126A67931007A7A6F /* DemoLocalized.swift */,
			);
			path = localized;
			sourceTree = "<group>";
		};
		C685C0F226A67931007A7A6F /* assets */ = {
			isa = PBXGroup;
			children = (
				C685C0F326A67931007A7A6F /* KaraokeAssets.xcassets */,
			);
			path = assets;
			sourceTree = "<group>";
		};
		F6F6B85282DF8397356DE795 /* Frameworks */ = {
			isa = PBXGroup;
			children = (
				C1F2C777278FD65C00216EB8 /* Accelerate.framework */,
				C1F2C775278FD65300216EB8 /* libc++.tbd */,
				E4CD7F588EA29064C4C9474A /* Pods_DemoApp.framework */,
				C1F2C761278FD4E000216EB8 /* ReplayKit.framework */,
				ED7CC5EDEB42420F67761EFA /* Pods_TXReplayKit_Screen.framework */,
			);
			name = Frameworks;
			sourceTree = "<group>";
		};
		FBB32BD5A337DA75F8167410 /* Login */ = {
			isa = PBXGroup;
			children = (
				28A6B450962AE603AA58AFE4 /* TRTCRegisterRootView.swift */,
				B93B3D460416D04216A3FC47 /* TRTCLoginRootView.swift */,
				34E02BBB12FE80FB1B752F4E /* UserAgreementViewController+UI.swift */,
				B5FFB1C4DE6620A799FD5C68 /* AppLocalized */,
				8E83FF295A0D8EE79BF0980F /* TRTCLoginViewController.swift */,
				2968EB8D900FE2B65C4D79D9 /* ProfileManager_Mock.swift */,
				FB6FBEF467E80009F6E2D6DD /* AppUtils.swift */,
				C44A20860C7C216EDAB989F4 /* TRTCRegisterViewController.swift */,
				8EDE08155E3CEB3AE2326738 /* UserAgreementViewController.swift */,
				3C95E1AC2D5EFD63728E3CFA /* LayoutDefine.swift */,
			);
			name = Login;
			path = ../Login;
			sourceTree = "<group>";
		};
/* End PBXGroup section */

/* Begin PBXNativeTarget section */
		C1F2C75F278FD4E000216EB8 /* TXReplayKit_Screen */ = {
			isa = PBXNativeTarget;
			buildConfigurationList = C1F2C76E278FD4E000216EB8 /* Build configuration list for PBXNativeTarget "TXReplayKit_Screen" */;
			buildPhases = (
				9F25B5FFCC1A76B85FB400BC /* [CP] Check Pods Manifest.lock */,
				C1F2C75C278FD4E000216EB8 /* Sources */,
				C1F2C75D278FD4E000216EB8 /* Frameworks */,
				C1F2C75E278FD4E000216EB8 /* Resources */,
			);
			buildRules = (
			);
			dependencies = (
			);
			name = TXReplayKit_Screen;
			productName = TXReplayKit_Screen;
			productReference = C1F2C760278FD4E000216EB8 /* TXReplayKit_Screen.appex */;
			productType = "com.apple.product-type.app-extension";
		};
		C6597904268078E100CCAA4C /* DemoApp */ = {
			isa = PBXNativeTarget;
			buildConfigurationList = C6597919268078E400CCAA4C /* Build configuration list for PBXNativeTarget "DemoApp" */;
			buildPhases = (
				E28098D87E46F59141266E14 /* [CP] Check Pods Manifest.lock */,
				C6597901268078E100CCAA4C /* Sources */,
				C6597902268078E100CCAA4C /* Frameworks */,
				C6597903268078E100CCAA4C /* Resources */,
				BEEBF9DEEBA7ECA612C2B72A /* [CP] Embed Pods Frameworks */,
				813CE8E421B021F6521A9D1A /* [CP] Copy Pods Resources */,
				C1F2C76B278FD4E000216EB8 /* Embed App Extensions */,
			);
			buildRules = (
			);
			dependencies = (
				C1F2C769278FD4E000216EB8 /* PBXTargetDependency */,
			);
			name = DemoApp;
			productName = TUIKTVApp;
			productReference = C6597905268078E100CCAA4C /* DemoApp.app */;
			productType = "com.apple.product-type.application";
		};
/* End PBXNativeTarget section */

/* Begin PBXProject section */
		C65978FD268078E100CCAA4C /* Project object */ = {
			isa = PBXProject;
			attributes = {
				LastSwiftUpdateCheck = 1240;
				LastUpgradeCheck = 1240;
				TargetAttributes = {
					C1F2C75F278FD4E000216EB8 = {
						CreatedOnToolsVersion = 13.2.1;
					};
					C6597904268078E100CCAA4C = {
						CreatedOnToolsVersion = 12.4;
					};
				};
			};
			buildConfigurationList = C6597900268078E100CCAA4C /* Build configuration list for PBXProject "DemoApp" */;
			compatibilityVersion = "Xcode 9.3";
			developmentRegion = en;
			hasScannedForEncodings = 0;
			knownRegions = (
				en,
				Base,
				"zh-Hans",
				English,
			);
			mainGroup = C65978FC268078E100CCAA4C;
			productRefGroup = C6597906268078E100CCAA4C /* Products */;
			projectDirPath = "";
			projectRoot = "";
			targets = (
				C6597904268078E100CCAA4C /* DemoApp */,
				C1F2C75F278FD4E000216EB8 /* TXReplayKit_Screen */,
			);
		};
/* End PBXProject section */

/* Begin PBXResourcesBuildPhase section */
		C1F2C75E278FD4E000216EB8 /* Resources */ = {
			isa = PBXResourcesBuildPhase;
			buildActionMask = 2147483647;
			files = (
				C18CE617279005D10071C120 /* ReplayKitLocalized.strings in Resources */,
				C18CE616279005D10071C120 /* InfoPlist.strings in Resources */,
			);
			runOnlyForDeploymentPostprocessing = 0;
		};
		C6597903268078E100CCAA4C /* Resources */ = {
			isa = PBXResourcesBuildPhase;
			buildActionMask = 2147483647;
			files = (
				C6597943268079C500CCAA4C /* LaunchImage@3x.png in Resources */,
				C659799B2680895E00CCAA4C /* LaunchScreen.strings in Resources */,
				C6597946268079C500CCAA4C /* LaunchImage_en@3x.png in Resources */,
				C6597942268079C500CCAA4C /* LaunchImage@2x.png in Resources */,
				C6597995268088B400CCAA4C /* LaunchScreen_en.storyboard in Resources */,
				C685C0F826A67931007A7A6F /* KaraokeAssets.xcassets in Resources */,
				C6597945268079C500CCAA4C /* Assets.xcassets in Resources */,
				C685C0F626A67931007A7A6F /* DemoLocalized.strings in Resources */,
				C6597944268079C500CCAA4C /* LaunchImage_en@2x.png in Resources */,
				C659799F2680897900CCAA4C /* LaunchScreen.storyboard in Resources */,
				C6597991268088AB00CCAA4C /* InfoPlist.strings in Resources */,
				21ADA8914176CCEED02A1865 /* LoginLocalized.strings in Resources */,
				4D5D094FA0CA37BAF320B1D5 /* LoginLocalized.strings in Resources */,
			);
			runOnlyForDeploymentPostprocessing = 0;
		};
/* End PBXResourcesBuildPhase section */

/* Begin PBXShellScriptBuildPhase section */
		813CE8E421B021F6521A9D1A /* [CP] Copy Pods Resources */ = {
			isa = PBXShellScriptBuildPhase;
			buildActionMask = 2147483647;
			files = (
			);
			inputFileListPaths = (
				"${PODS_ROOT}/Target Support Files/Pods-DemoApp/Pods-DemoApp-resources-${CONFIGURATION}-input-files.xcfilelist",
			);
			name = "[CP] Copy Pods Resources";
			outputFileListPaths = (
				"${PODS_ROOT}/Target Support Files/Pods-DemoApp/Pods-DemoApp-resources-${CONFIGURATION}-output-files.xcfilelist",
			);
			runOnlyForDeploymentPostprocessing = 0;
			shellPath = /bin/sh;
			shellScript = "\"${PODS_ROOT}/Target Support Files/Pods-DemoApp/Pods-DemoApp-resources.sh\"\n";
			showEnvVarsInLog = 0;
		};
		9F25B5FFCC1A76B85FB400BC /* [CP] Check Pods Manifest.lock */ = {
			isa = PBXShellScriptBuildPhase;
			buildActionMask = 2147483647;
			files = (
			);
			inputFileListPaths = (
			);
			inputPaths = (
				"${PODS_PODFILE_DIR_PATH}/Podfile.lock",
				"${PODS_ROOT}/Manifest.lock",
			);
			name = "[CP] Check Pods Manifest.lock";
			outputFileListPaths = (
			);
			outputPaths = (
				"$(DERIVED_FILE_DIR)/Pods-TXReplayKit_Screen-checkManifestLockResult.txt",
			);
			runOnlyForDeploymentPostprocessing = 0;
			shellPath = /bin/sh;
			shellScript = "diff \"${PODS_PODFILE_DIR_PATH}/Podfile.lock\" \"${PODS_ROOT}/Manifest.lock\" > /dev/null\nif [ $? != 0 ] ; then\n    # print error to STDERR\n    echo \"error: The sandbox is not in sync with the Podfile.lock. Run 'pod install' or update your CocoaPods installation.\" >&2\n    exit 1\nfi\n# This output is used by Xcode 'outputs' to avoid re-running this script phase.\necho \"SUCCESS\" > \"${SCRIPT_OUTPUT_FILE_0}\"\n";
			showEnvVarsInLog = 0;
		};
		BEEBF9DEEBA7ECA612C2B72A /* [CP] Embed Pods Frameworks */ = {
			isa = PBXShellScriptBuildPhase;
			buildActionMask = 2147483647;
			files = (
			);
			inputFileListPaths = (
				"${PODS_ROOT}/Target Support Files/Pods-DemoApp/Pods-DemoApp-frameworks-${CONFIGURATION}-input-files.xcfilelist",
			);
			name = "[CP] Embed Pods Frameworks";
			outputFileListPaths = (
				"${PODS_ROOT}/Target Support Files/Pods-DemoApp/Pods-DemoApp-frameworks-${CONFIGURATION}-output-files.xcfilelist",
			);
			runOnlyForDeploymentPostprocessing = 0;
			shellPath = /bin/sh;
			shellScript = "\"${PODS_ROOT}/Target Support Files/Pods-DemoApp/Pods-DemoApp-frameworks.sh\"\n";
			showEnvVarsInLog = 0;
		};
		E28098D87E46F59141266E14 /* [CP] Check Pods Manifest.lock */ = {
			isa = PBXShellScriptBuildPhase;
			buildActionMask = 2147483647;
			files = (
			);
			inputFileListPaths = (
			);
			inputPaths = (
				"${PODS_PODFILE_DIR_PATH}/Podfile.lock",
				"${PODS_ROOT}/Manifest.lock",
			);
			name = "[CP] Check Pods Manifest.lock";
			outputFileListPaths = (
			);
			outputPaths = (
				"$(DERIVED_FILE_DIR)/Pods-DemoApp-checkManifestLockResult.txt",
			);
			runOnlyForDeploymentPostprocessing = 0;
			shellPath = /bin/sh;
			shellScript = "diff \"${PODS_PODFILE_DIR_PATH}/Podfile.lock\" \"${PODS_ROOT}/Manifest.lock\" > /dev/null\nif [ $? != 0 ] ; then\n    # print error to STDERR\n    echo \"error: The sandbox is not in sync with the Podfile.lock. Run 'pod install' or update your CocoaPods installation.\" >&2\n    exit 1\nfi\n# This output is used by Xcode 'outputs' to avoid re-running this script phase.\necho \"SUCCESS\" > \"${SCRIPT_OUTPUT_FILE_0}\"\n";
			showEnvVarsInLog = 0;
		};
/* End PBXShellScriptBuildPhase section */

/* Begin PBXSourcesBuildPhase section */
		C1F2C75C278FD4E000216EB8 /* Sources */ = {
			isa = PBXSourcesBuildPhase;
			buildActionMask = 2147483647;
			files = (
				C1F2C766278FD4E000216EB8 /* SampleHandler.m in Sources */,
				C18CE615279005D10071C120 /* ReplayKitLocalized.m in Sources */,
			);
			runOnlyForDeploymentPostprocessing = 0;
		};
		C6597901268078E100CCAA4C /* Sources */ = {
			isa = PBXSourcesBuildPhase;
			buildActionMask = 2147483647;
			files = (
				C6597949268079C500CCAA4C /* AppDelegate.swift in Sources */,
				C659794F268079CD00CCAA4C /* GenerateTestUserSig.swift in Sources */,
				C6597941268079C500CCAA4C /* ViewController.swift in Sources */,
				C11C13AE27858B4B001D39CB /* AppMainViewController.swift in Sources */,
				C685C0F726A67931007A7A6F /* DemoLocalized.swift in Sources */,
				C659794B268079C500CCAA4C /* SceneDelegate.swift in Sources */,
				0CD04B0E5AB6F0D2022B311D /* TRTCRegisterRootView.swift in Sources */,
				78F1B6AE7CDA2B20C184DDB3 /* TRTCLoginRootView.swift in Sources */,
				0C04CB8BC1E0241B64B70F02 /* UserAgreementViewController+UI.swift in Sources */,
				1197D64C129861A29503F5D9 /* LoginLocalized.swift in Sources */,
				3D579181022426035334A8C9 /* TRTCLoginViewController.swift in Sources */,
				F22E181273F06150A7B3AF45 /* ProfileManager_Mock.swift in Sources */,
				309677E576D2EDA785E965D3 /* AppUtils.swift in Sources */,
				7C4D7C0B7A973D719DE0259A /* TRTCRegisterViewController.swift in Sources */,
				CE2AC765CE9529A19711543F /* UserAgreementViewController.swift in Sources */,
				4C9147700501CE8123196DB1 /* LayoutDefine.swift in Sources */,
			);
			runOnlyForDeploymentPostprocessing = 0;
		};
/* End PBXSourcesBuildPhase section */

/* Begin PBXTargetDependency section */
		C1F2C769278FD4E000216EB8 /* PBXTargetDependency */ = {
			isa = PBXTargetDependency;
			target = C1F2C75F278FD4E000216EB8 /* TXReplayKit_Screen */;
			targetProxy = C1F2C768278FD4E000216EB8 /* PBXContainerItemProxy */;
		};
/* End PBXTargetDependency section */

/* Begin PBXVariantGroup section */
		C18CE608279005D10071C120 /* InfoPlist.strings */ = {
			isa = PBXVariantGroup;
			children = (
				C18CE609279005D10071C120 /* zh-Hans */,
				C18CE60C279005D10071C120 /* en */,
			);
			name = InfoPlist.strings;
			sourceTree = "<group>";
		};
		C18CE60A279005D10071C120 /* ReplayKitLocalized.strings */ = {
			isa = PBXVariantGroup;
			children = (
				C18CE60B279005D10071C120 /* zh-Hans */,
				C18CE60D279005D10071C120 /* en */,
			);
			name = ReplayKitLocalized.strings;
			sourceTree = "<group>";
		};
		C659793C268079C500CCAA4C /* Main.storyboard */ = {
			isa = PBXVariantGroup;
			children = (
				C659793D268079C500CCAA4C /* Base */,
			);
			name = Main.storyboard;
			sourceTree = "<group>";
		};
		C659798E268088AB00CCAA4C /* InfoPlist.strings */ = {
			isa = PBXVariantGroup;
			children = (
				C659798F268088AB00CCAA4C /* zh-Hans */,
				C6597997268088BE00CCAA4C /* en */,
			);
			name = InfoPlist.strings;
			sourceTree = "<group>";
		};
		C6597993268088B400CCAA4C /* LaunchScreen_en.storyboard */ = {
			isa = PBXVariantGroup;
			children = (
				C6597994268088B400CCAA4C /* Base */,
			);
			name = LaunchScreen_en.storyboard;
			sourceTree = "<group>";
		};
		C65979992680895E00CCAA4C /* LaunchScreen.strings */ = {
			isa = PBXVariantGroup;
			children = (
				C659799A2680895E00CCAA4C /* zh-Hans */,
			);
			name = LaunchScreen.strings;
			sourceTree = "<group>";
		};
		C659799D2680897900CCAA4C /* LaunchScreen.storyboard */ = {
			isa = PBXVariantGroup;
			children = (
				C659799E2680897900CCAA4C /* Base */,
			);
			name = LaunchScreen.storyboard;
			sourceTree = "<group>";
		};
		C685C0EE26A67931007A7A6F /* DemoLocalized.strings */ = {
			isa = PBXVariantGroup;
			children = (
				C685C0EF26A67931007A7A6F /* zh-Hans */,
				C685C0F026A67931007A7A6F /* en */,
			);
			name = DemoLocalized.strings;
			sourceTree = "<group>";
		};
/* End PBXVariantGroup section */

/* Begin XCBuildConfiguration section */
		C1F2C76C278FD4E000216EB8 /* Debug */ = {
			isa = XCBuildConfiguration;
			baseConfigurationReference = C88090EDF1A646DCFB963356 /* Pods-TXReplayKit_Screen.debug.xcconfig */;
			buildSettings = {
				CLANG_CXX_LANGUAGE_STANDARD = "gnu++17";
				CODE_SIGN_IDENTITY = "iPhone Developer";
				CODE_SIGN_STYLE = Manual;
				CURRENT_PROJECT_VERSION = 1;
				DEVELOPMENT_TEAM = F8A3GH6Q4W;
				ENABLE_BITCODE = NO;
				FRAMEWORK_SEARCH_PATHS = (
					"$(inherited)",
					"$(PROJECT_DIR)/SDK",
				);
				GENERATE_INFOPLIST_FILE = YES;
				INFOPLIST_FILE = TXReplayKit_Screen/Info.plist;
				INFOPLIST_KEY_CFBundleDisplayName = "TUIRoom屏幕共享";
				INFOPLIST_KEY_NSHumanReadableCopyright = "";
				IPHONEOS_DEPLOYMENT_TARGET = 11.1;
				LD_RUNPATH_SEARCH_PATHS = (
					"$(inherited)",
					"@executable_path/Frameworks",
					"@executable_path/../../Frameworks",
				);
				MARKETING_VERSION = 1.0;
				PRODUCT_BUNDLE_IDENTIFIER = com.tencent.tuiroom.apiexample.Upload;
				PRODUCT_NAME = "$(TARGET_NAME)";
				PROVISIONING_PROFILE_SPECIFIER = abyWildcardDev;
				SKIP_INSTALL = YES;
				SWIFT_EMIT_LOC_STRINGS = YES;
				TARGETED_DEVICE_FAMILY = "1,2";
			};
			name = Debug;
		};
		C1F2C76D278FD4E000216EB8 /* Release */ = {
			isa = XCBuildConfiguration;
			baseConfigurationReference = 8F34FA8C3B7EA33C24677D50 /* Pods-TXReplayKit_Screen.release.xcconfig */;
			buildSettings = {
				CLANG_CXX_LANGUAGE_STANDARD = "gnu++17";
				CODE_SIGN_IDENTITY = "iPhone Developer";
				CODE_SIGN_STYLE = Automatic;
				CURRENT_PROJECT_VERSION = 1;
				DEVELOPMENT_TEAM = 5GHU44CJHG;
				ENABLE_BITCODE = NO;
				FRAMEWORK_SEARCH_PATHS = (
					"$(inherited)",
					"$(PROJECT_DIR)/SDK",
				);
				GENERATE_INFOPLIST_FILE = YES;
				INFOPLIST_FILE = TXReplayKit_Screen/Info.plist;
				INFOPLIST_KEY_CFBundleDisplayName = "TUIRoom屏幕共享";
				INFOPLIST_KEY_NSHumanReadableCopyright = "";
				IPHONEOS_DEPLOYMENT_TARGET = 11.1;
				LD_RUNPATH_SEARCH_PATHS = (
					"$(inherited)",
					"@executable_path/Frameworks",
					"@executable_path/../../Frameworks",
				);
				MARKETING_VERSION = 1.0;
				PRODUCT_BUNDLE_IDENTIFIER = com.tencent.mlvb.apiexample.Upload;
				PRODUCT_NAME = "$(TARGET_NAME)";
				SKIP_INSTALL = YES;
				SWIFT_EMIT_LOC_STRINGS = YES;
				TARGETED_DEVICE_FAMILY = "1,2";
			};
			name = Release;
		};
		C6597917268078E400CCAA4C /* Debug */ = {
			isa = XCBuildConfiguration;
			buildSettings = {
				ALWAYS_SEARCH_USER_PATHS = NO;
				CLANG_ANALYZER_NONNULL = YES;
				CLANG_ANALYZER_NUMBER_OBJECT_CONVERSION = YES_AGGRESSIVE;
				CLANG_CXX_LANGUAGE_STANDARD = "gnu++14";
				CLANG_CXX_LIBRARY = "libc++";
				CLANG_ENABLE_MODULES = YES;
				CLANG_ENABLE_OBJC_ARC = YES;
				CLANG_ENABLE_OBJC_WEAK = YES;
				CLANG_WARN_BLOCK_CAPTURE_AUTORELEASING = YES;
				CLANG_WARN_BOOL_CONVERSION = YES;
				CLANG_WARN_COMMA = YES;
				CLANG_WARN_CONSTANT_CONVERSION = YES;
				CLANG_WARN_DEPRECATED_OBJC_IMPLEMENTATIONS = YES;
				CLANG_WARN_DIRECT_OBJC_ISA_USAGE = YES_ERROR;
				CLANG_WARN_DOCUMENTATION_COMMENTS = YES;
				CLANG_WARN_EMPTY_BODY = YES;
				CLANG_WARN_ENUM_CONVERSION = YES;
				CLANG_WARN_INFINITE_RECURSION = YES;
				CLANG_WARN_INT_CONVERSION = YES;
				CLANG_WARN_NON_LITERAL_NULL_CONVERSION = YES;
				CLANG_WARN_OBJC_IMPLICIT_RETAIN_SELF = YES;
				CLANG_WARN_OBJC_LITERAL_CONVERSION = YES;
				CLANG_WARN_OBJC_ROOT_CLASS = YES_ERROR;
				CLANG_WARN_QUOTED_INCLUDE_IN_FRAMEWORK_HEADER = YES;
				CLANG_WARN_RANGE_LOOP_ANALYSIS = YES;
				CLANG_WARN_STRICT_PROTOTYPES = YES;
				CLANG_WARN_SUSPICIOUS_MOVE = YES;
				CLANG_WARN_UNGUARDED_AVAILABILITY = YES_AGGRESSIVE;
				CLANG_WARN_UNREACHABLE_CODE = YES;
				CLANG_WARN__DUPLICATE_METHOD_MATCH = YES;
				COPY_PHASE_STRIP = NO;
				DEBUG_INFORMATION_FORMAT = dwarf;
				ENABLE_STRICT_OBJC_MSGSEND = YES;
				ENABLE_TESTABILITY = YES;
				GCC_C_LANGUAGE_STANDARD = gnu11;
				GCC_DYNAMIC_NO_PIC = NO;
				GCC_NO_COMMON_BLOCKS = YES;
				GCC_OPTIMIZATION_LEVEL = 0;
				GCC_PREPROCESSOR_DEFINITIONS = (
					"DEBUG=1",
					"$(inherited)",
				);
				GCC_WARN_64_TO_32_BIT_CONVERSION = YES;
				GCC_WARN_ABOUT_RETURN_TYPE = YES_ERROR;
				GCC_WARN_UNDECLARED_SELECTOR = YES;
				GCC_WARN_UNINITIALIZED_AUTOS = YES_AGGRESSIVE;
				GCC_WARN_UNUSED_FUNCTION = YES;
				GCC_WARN_UNUSED_VARIABLE = YES;
				IPHONEOS_DEPLOYMENT_TARGET = 14.4;
				MTL_ENABLE_DEBUG_INFO = INCLUDE_SOURCE;
				MTL_FAST_MATH = YES;
				ONLY_ACTIVE_ARCH = YES;
				SDKROOT = iphoneos;
				SWIFT_ACTIVE_COMPILATION_CONDITIONS = DEBUG;
				SWIFT_OPTIMIZATION_LEVEL = "-Onone";
			};
			name = Debug;
		};
		C6597918268078E400CCAA4C /* Release */ = {
			isa = XCBuildConfiguration;
			buildSettings = {
				ALWAYS_SEARCH_USER_PATHS = NO;
				CLANG_ANALYZER_NONNULL = YES;
				CLANG_ANALYZER_NUMBER_OBJECT_CONVERSION = YES_AGGRESSIVE;
				CLANG_CXX_LANGUAGE_STANDARD = "gnu++14";
				CLANG_CXX_LIBRARY = "libc++";
				CLANG_ENABLE_MODULES = YES;
				CLANG_ENABLE_OBJC_ARC = YES;
				CLANG_ENABLE_OBJC_WEAK = YES;
				CLANG_WARN_BLOCK_CAPTURE_AUTORELEASING = YES;
				CLANG_WARN_BOOL_CONVERSION = YES;
				CLANG_WARN_COMMA = YES;
				CLANG_WARN_CONSTANT_CONVERSION = YES;
				CLANG_WARN_DEPRECATED_OBJC_IMPLEMENTATIONS = YES;
				CLANG_WARN_DIRECT_OBJC_ISA_USAGE = YES_ERROR;
				CLANG_WARN_DOCUMENTATION_COMMENTS = YES;
				CLANG_WARN_EMPTY_BODY = YES;
				CLANG_WARN_ENUM_CONVERSION = YES;
				CLANG_WARN_INFINITE_RECURSION = YES;
				CLANG_WARN_INT_CONVERSION = YES;
				CLANG_WARN_NON_LITERAL_NULL_CONVERSION = YES;
				CLANG_WARN_OBJC_IMPLICIT_RETAIN_SELF = YES;
				CLANG_WARN_OBJC_LITERAL_CONVERSION = YES;
				CLANG_WARN_OBJC_ROOT_CLASS = YES_ERROR;
				CLANG_WARN_QUOTED_INCLUDE_IN_FRAMEWORK_HEADER = YES;
				CLANG_WARN_RANGE_LOOP_ANALYSIS = YES;
				CLANG_WARN_STRICT_PROTOTYPES = YES;
				CLANG_WARN_SUSPICIOUS_MOVE = YES;
				CLANG_WARN_UNGUARDED_AVAILABILITY = YES_AGGRESSIVE;
				CLANG_WARN_UNREACHABLE_CODE = YES;
				CLANG_WARN__DUPLICATE_METHOD_MATCH = YES;
				COPY_PHASE_STRIP = NO;
				DEBUG_INFORMATION_FORMAT = "dwarf-with-dsym";
				ENABLE_NS_ASSERTIONS = NO;
				ENABLE_STRICT_OBJC_MSGSEND = YES;
				GCC_C_LANGUAGE_STANDARD = gnu11;
				GCC_NO_COMMON_BLOCKS = YES;
				GCC_WARN_64_TO_32_BIT_CONVERSION = YES;
				GCC_WARN_ABOUT_RETURN_TYPE = YES_ERROR;
				GCC_WARN_UNDECLARED_SELECTOR = YES;
				GCC_WARN_UNINITIALIZED_AUTOS = YES_AGGRESSIVE;
				GCC_WARN_UNUSED_FUNCTION = YES;
				GCC_WARN_UNUSED_VARIABLE = YES;
				IPHONEOS_DEPLOYMENT_TARGET = 14.4;
				MTL_ENABLE_DEBUG_INFO = NO;
				MTL_FAST_MATH = YES;
				SDKROOT = iphoneos;
				SWIFT_COMPILATION_MODE = wholemodule;
				SWIFT_OPTIMIZATION_LEVEL = "-O";
				VALIDATE_PRODUCT = YES;
			};
			name = Release;
		};
		C659791A268078E400CCAA4C /* Debug */ = {
			isa = XCBuildConfiguration;
			baseConfigurationReference = 9CA7D17F6CB864C86F7B41C8 /* Pods-DemoApp.debug.xcconfig */;
			buildSettings = {
				ASSETCATALOG_COMPILER_APPICON_NAME = AppIcon;
				ASSETCATALOG_COMPILER_GLOBAL_ACCENT_COLOR_NAME = AccentColor;
				CODE_SIGN_IDENTITY = "iPhone Developer";
				CODE_SIGN_STYLE = Manual;
				DEVELOPMENT_TEAM = F8A3GH6Q4W;
				ENABLE_BITCODE = NO;
				INFOPLIST_FILE = "$(SRCROOT)/App/Info.plist";
				IPHONEOS_DEPLOYMENT_TARGET = 13.0;
				LD_RUNPATH_SEARCH_PATHS = (
					"$(inherited)",
					"@executable_path/Frameworks",
				);
				PRODUCT_BUNDLE_IDENTIFIER = com.tencent.tuiroom.apiexample;
				PRODUCT_NAME = "$(TARGET_NAME)";
				PROVISIONING_PROFILE_SPECIFIER = abyWildcardDev;
				SWIFT_VERSION = 5.0;
				TARGETED_DEVICE_FAMILY = 1;
			};
			name = Debug;
		};
		C659791B268078E400CCAA4C /* Release */ = {
			isa = XCBuildConfiguration;
			baseConfigurationReference = 9A118A5B5DE110B8217C48CB /* Pods-DemoApp.release.xcconfig */;
			buildSettings = {
				ASSETCATALOG_COMPILER_APPICON_NAME = AppIcon;
				ASSETCATALOG_COMPILER_GLOBAL_ACCENT_COLOR_NAME = AccentColor;
				CODE_SIGN_IDENTITY = "iPhone Developer";
				CODE_SIGN_STYLE = Manual;
				DEVELOPMENT_TEAM = 5GHU44CJHG;
				ENABLE_BITCODE = NO;
				INFOPLIST_FILE = "$(SRCROOT)/App/Info.plist";
				IPHONEOS_DEPLOYMENT_TARGET = 13.0;
				LD_RUNPATH_SEARCH_PATHS = (
					"$(inherited)",
					"@executable_path/Frameworks",
				);
				PRODUCT_BUNDLE_IDENTIFIER = com.aby.TRTCKTV;
				PRODUCT_NAME = "$(TARGET_NAME)";
				PROVISIONING_PROFILE_SPECIFIER = "Wildcard Dev";
				SWIFT_VERSION = 5.0;
				TARGETED_DEVICE_FAMILY = 1;
			};
			name = Release;
		};
/* End XCBuildConfiguration section */

/* Begin XCConfigurationList section */
		C1F2C76E278FD4E000216EB8 /* Build configuration list for PBXNativeTarget "TXReplayKit_Screen" */ = {
			isa = XCConfigurationList;
			buildConfigurations = (
				C1F2C76C278FD4E000216EB8 /* Debug */,
				C1F2C76D278FD4E000216EB8 /* Release */,
			);
			defaultConfigurationIsVisible = 0;
			defaultConfigurationName = Release;
		};
		C6597900268078E100CCAA4C /* Build configuration list for PBXProject "DemoApp" */ = {
			isa = XCConfigurationList;
			buildConfigurations = (
				C6597917268078E400CCAA4C /* Debug */,
				C6597918268078E400CCAA4C /* Release */,
			);
			defaultConfigurationIsVisible = 0;
			defaultConfigurationName = Release;
		};
		C6597919268078E400CCAA4C /* Build configuration list for PBXNativeTarget "DemoApp" */ = {
			isa = XCConfigurationList;
			buildConfigurations = (
				C659791A268078E400CCAA4C /* Debug */,
				C659791B268078E400CCAA4C /* Release */,
			);
			defaultConfigurationIsVisible = 0;
			defaultConfigurationName = Release;
		};
/* End XCConfigurationList section */
	};
	rootObject = C65978FD268078E100CCAA4C /* Project object */;
}
