PODS:
  - Kingfisher (6.3.1)
  - Masonry (1.1.0)
  - MJExtension (3.4.1)
  - ReactiveObjC (3.1.1)
  - SDWebImage (5.13.2):
    - SDWebImage/Core (= 5.13.2)
  - SDWebImage/Core (5.13.2)
  - SnapKit (5.6.0)
  - Toast-Swift (5.0.1)
  - TUIBarrage (1.0.0):
    - Masonry
    - MJExtension
    - SDWebImage
    - TUICore
    - TXIMSDK_Plus_iOS
  - TUICore (6.2.2363):
    - ReactiveObjC
    - SDWebImage
    - TXIMSDK_Plus_iOS (= 6.2.2363)
  - TXIMSDK_Plus_iOS (6.2.2363)

DEPENDENCIES:
  - Kingfisher
  - SnapKit
  - Toast-Swift
  - TUIBarrage (from `../../../TUIWidget/TUIBarrage/`)
  - TUICore (~> 6.2.2363)

SPEC REPOS:
  trunk:
    - Kingfisher
    - Masonry
    - MJExtension
    - ReactiveObjC
    - SDWebImage
    - SnapKit
    - Toast-Swift
    - TUICore
    - TXIMSDK_Plus_iOS

EXTERNAL SOURCES:
  TUIBarrage:
    :path: "../../../TUIWidget/TUIBarrage/"

SPEC CHECKSUMS:
  Kingfisher: 016c8b653a35add51dd34a3aba36b580041acc74
  Masonry: 678fab65091a9290e40e2832a55e7ab731aad201
  MJExtension: 21c5f6f8c4d5d8844b7ae8fbae08fed0b501f961
  ReactiveObjC: 011caa393aa0383245f2dcf9bf02e86b80b36040
  SDWebImage: 72f86271a6f3139cc7e4a89220946489d4b9a866
  SnapKit: e01d52ebb8ddbc333eefe2132acf85c8227d9c25
  Toast-Swift: 9b6a70f28b3bf0b96c40d46c0c4b9d6639846711
  TUIBarrage: 3f4113016adbf98c9f30714b08720fdd900fd470
  TUICore: 59b3b33b214600de0584d7a3acd512f4d51fc3b1
  TXIMSDK_Plus_iOS: a77f3a994952b0bcd773880259c661701e86af07

PODFILE CHECKSUM: 24e4d22375326cb5a91a960b6c56b9adce126a4a

COCOAPODS: 1.11.3
